<?xml version="1.0" encoding="utf-8"?>
<Project ToolsVersion="4.0" xmlns="http://schemas.microsoft.com/developer/msbuild/2003">
  <ItemGroup>
    <Filter Include="00.System">
      <UniqueIdentifier>{56e6b0b7-95be-4cfb-81b2-d90ab70b516f}</UniqueIdentifier>
    </Filter>
    <Filter Include="01.Utility">
      <UniqueIdentifier>{36866739-00de-45a0-9d75-c89e6822ed95}</UniqueIdentifier>
    </Filter>
    <Filter Include="99.Defines">
      <UniqueIdentifier>{3feffe57-2670-4dc3-b288-ae966b0be5dd}</UniqueIdentifier>
    </Filter>
    <Filter Include="01.Utility\00.GameInstance">
      <UniqueIdentifier>{61ddd488-c34e-4be3-98b7-dc4696663b49}</UniqueIdentifier>
    </Filter>
    <Filter Include="00.System\00.Device">
      <UniqueIdentifier>{5915cf31-9c45-49cd-972a-e6dc804163f7}</UniqueIdentifier>
    </Filter>
    <Filter Include="00.System\01.Timer">
      <UniqueIdentifier>{e2d55934-59d3-4a96-a2a8-dfcf8357ac6b}</UniqueIdentifier>
    </Filter>
    <Filter Include="01.Utility\01.Levels">
      <UniqueIdentifier>{51bfb8ca-4928-4354-91d0-69817e98e041}</UniqueIdentifier>
    </Filter>
    <Filter Include="01.Utility\01.Levels\Manager">
      <UniqueIdentifier>{3b358dd6-ed56-4ee7-b523-121fb928ea33}</UniqueIdentifier>
    </Filter>
    <Filter Include="01.Utility\02.GameObject">
      <UniqueIdentifier>{1be759fd-c7aa-4a30-ac7d-9da43c84ea56}</UniqueIdentifier>
    </Filter>
    <Filter Include="01.Utility\02.GameObject\Layer">
      <UniqueIdentifier>{1a31585a-f327-4a57-be7b-98a9b4ac8791}</UniqueIdentifier>
    </Filter>
    <Filter Include="01.Utility\02.GameObject\Manager">
      <UniqueIdentifier>{b23e6980-20a2-4540-8ec3-1f24940c2dd5}</UniqueIdentifier>
    </Filter>
    <Filter Include="01.Utility\03.Components">
      <UniqueIdentifier>{e0cb393b-5812-4388-9f15-6f19c8fd67cf}</UniqueIdentifier>
    </Filter>
    <Filter Include="01.Utility\04.Prorotypes">
      <UniqueIdentifier>{7fc867e8-26cb-427f-8069-4232c6e2e32a}</UniqueIdentifier>
    </Filter>
    <Filter Include="01.Utility\05.Renderer">
      <UniqueIdentifier>{7157b46a-68cc-4b1f-be72-793817c30177}</UniqueIdentifier>
    </Filter>
    <Filter Include="00.System\01.Timer\Manger">
      <UniqueIdentifier>{c94f1fe8-2f87-476d-b95e-0d0e2624c2df}</UniqueIdentifier>
    </Filter>
    <Filter Include="01.Utility\99.Base">
      <UniqueIdentifier>{0c30be04-8716-413b-97f7-d0a1e6bb90d2}</UniqueIdentifier>
    </Filter>
    <Filter Include="01.Utility\06.Sound">
      <UniqueIdentifier>{834bbf1b-237f-4555-a295-4e20d50ace90}</UniqueIdentifier>
    </Filter>
    <Filter Include="01.Utility\06.Sound\Manager">
      <UniqueIdentifier>{9ef5c310-f95a-43af-b56e-74f2f22fd4bf}</UniqueIdentifier>
    </Filter>
    <Filter Include="01.Utility\06.Sound\FMOD">
      <UniqueIdentifier>{8ba7c830-32d8-449f-95f5-41ea90068780}</UniqueIdentifier>
    </Filter>
    <Filter Include="01.Utility\03.Components\Transform">
      <UniqueIdentifier>{837950d2-7069-4372-b2b0-8c211c261835}</UniqueIdentifier>
    </Filter>
    <Filter Include="01.Utility\03.Components\VIBuffer">
      <UniqueIdentifier>{6eaba048-2723-4e5a-a24e-5c2da90179ae}</UniqueIdentifier>
    </Filter>
    <Filter Include="01.Utility\03.Components\Texture">
      <UniqueIdentifier>{48ead73b-2ce1-4748-89bd-75aca471e7b2}</UniqueIdentifier>
    </Filter>
    <Filter Include="01.Utility\02.GameObject\UIObject">
      <UniqueIdentifier>{2cd6cbcf-7244-4a26-b159-d0c7205ee486}</UniqueIdentifier>
    </Filter>
    <Filter Include="01.Utility\02.GameObject\UIObject\Button">
      <UniqueIdentifier>{8f00cd94-2199-4178-86d1-e26b6e1cab8e}</UniqueIdentifier>
    </Filter>
    <Filter Include="01.Utility\02.GameObject\UIObject\Panel">
      <UniqueIdentifier>{f36afb33-eb8c-4c07-837a-013bc5a6b406}</UniqueIdentifier>
    </Filter>
    <Filter Include="01.Utility\03.Components\VIBuffer\Rect">
      <UniqueIdentifier>{42156336-546a-4f39-8771-9101a474a3bd}</UniqueIdentifier>
    </Filter>
    <Filter Include="01.Utility\03.Components\Animation">
      <UniqueIdentifier>{08d13f8e-03b6-439a-a94f-d49e342e4424}</UniqueIdentifier>
    </Filter>
    <Filter Include="01.Utility\03.Components\Animation\UIAnimation">
      <UniqueIdentifier>{f7bd3814-2307-4606-97ae-b1e765f6349f}</UniqueIdentifier>
    </Filter>
    <Filter Include="01.Utility\02.GameObject\UIObject\Bar">
      <UniqueIdentifier>{7cec91e4-47f1-4487-ad1c-ebde81f88e9d}</UniqueIdentifier>
    </Filter>
    <Filter Include="01.Utility\03.Components\Shader">
      <UniqueIdentifier>{44bedf70-5fd3-4c32-932d-524a2f2db50c}</UniqueIdentifier>
    </Filter>
    <Filter Include="01.Utility\03.Components\VIBuffer\Terrain">
      <UniqueIdentifier>{238849af-deec-4fa6-8e12-11e330ec093d}</UniqueIdentifier>
    </Filter>
    <Filter Include="01.Utility\02.GameObject\Camera">
      <UniqueIdentifier>{5ce3ad2c-fc97-4a1d-aceb-474eeb70cbec}</UniqueIdentifier>
    </Filter>
    <Filter Include="01.Utility\07. PipLine">
      <UniqueIdentifier>{feb712fe-cc3d-4a8e-8a8f-2981e600d12c}</UniqueIdentifier>
    </Filter>
    <Filter Include="00.System\02.Input">
      <UniqueIdentifier>{23a81728-51c9-4812-bb53-4be83837ecb1}</UniqueIdentifier>
    </Filter>
    <Filter Include="01.Utility\03.Components\Model">
      <UniqueIdentifier>{22eb566a-726d-46aa-bb19-28fef9ebc956}</UniqueIdentifier>
    </Filter>
    <Filter Include="01.Utility\03.Components\Model\Mesh">
      <UniqueIdentifier>{f59be5e1-50c9-4773-b363-bb83da4124e0}</UniqueIdentifier>
    </Filter>
  </ItemGroup>
  <ItemGroup>
    <ClInclude Include="..\Public\Engine_Defines.h">
      <Filter>99.Defines</Filter>
    </ClInclude>
    <ClInclude Include="..\Public\Engine_Enum.h">
      <Filter>99.Defines</Filter>
    </ClInclude>
    <ClInclude Include="..\Public\Engine_Function.h">
      <Filter>99.Defines</Filter>
    </ClInclude>
    <ClInclude Include="..\Public\Engine_Macro.h">
      <Filter>99.Defines</Filter>
    </ClInclude>
    <ClInclude Include="..\Public\Engine_Struct.h">
      <Filter>99.Defines</Filter>
    </ClInclude>
    <ClInclude Include="..\Public\Engine_Typedef.h">
      <Filter>99.Defines</Filter>
    </ClInclude>
    <ClInclude Include="..\Public\GameInstance.h">
      <Filter>01.Utility\00.GameInstance</Filter>
    </ClInclude>
    <ClInclude Include="..\Public\Timer.h">
      <Filter>00.System\01.Timer</Filter>
    </ClInclude>
    <ClInclude Include="..\Public\Graphic_Device.h">
      <Filter>00.System\00.Device</Filter>
    </ClInclude>
    <ClInclude Include="..\Public\Level.h">
      <Filter>01.Utility\01.Levels</Filter>
    </ClInclude>
    <ClInclude Include="..\Public\Level_Manager.h">
      <Filter>01.Utility\01.Levels\Manager</Filter>
    </ClInclude>
    <ClInclude Include="..\Public\GameObject.h">
      <Filter>01.Utility\02.GameObject</Filter>
    </ClInclude>
    <ClInclude Include="..\Public\Layer.h">
      <Filter>01.Utility\02.GameObject\Layer</Filter>
    </ClInclude>
    <ClInclude Include="..\Public\Object_Manager.h">
      <Filter>01.Utility\02.GameObject\Manager</Filter>
    </ClInclude>
    <ClInclude Include="..\Public\Component.h">
      <Filter>01.Utility\03.Components</Filter>
    </ClInclude>
    <ClInclude Include="..\Public\Prototype_Manager.h">
      <Filter>01.Utility\04.Prorotypes</Filter>
    </ClInclude>
    <ClInclude Include="..\Public\Renderer.h">
      <Filter>01.Utility\05.Renderer</Filter>
    </ClInclude>
    <ClInclude Include="..\Public\Timer_Manager.h">
      <Filter>00.System\01.Timer\Manger</Filter>
    </ClInclude>
    <ClInclude Include="..\Public\Base.h">
      <Filter>01.Utility\99.Base</Filter>
    </ClInclude>
    <ClInclude Include="..\public\Sound_Manager.h">
      <Filter>01.Utility\06.Sound\Manager</Filter>
    </ClInclude>
    <ClInclude Include="..\Public\FMOD\fmod.h">
      <Filter>01.Utility\06.Sound\FMOD</Filter>
    </ClInclude>
    <ClInclude Include="..\Public\FMOD\fmod.hpp">
      <Filter>01.Utility\06.Sound\FMOD</Filter>
    </ClInclude>
    <ClInclude Include="..\Public\FMOD\fmod_codec.h">
      <Filter>01.Utility\06.Sound\FMOD</Filter>
    </ClInclude>
    <ClInclude Include="..\Public\FMOD\fmod_common.h">
      <Filter>01.Utility\06.Sound\FMOD</Filter>
    </ClInclude>
    <ClInclude Include="..\Public\FMOD\fmod_dsp.h">
      <Filter>01.Utility\06.Sound\FMOD</Filter>
    </ClInclude>
    <ClInclude Include="..\Public\FMOD\fmod_dsp_effects.h">
      <Filter>01.Utility\06.Sound\FMOD</Filter>
    </ClInclude>
    <ClInclude Include="..\Public\FMOD\fmod_errors.h">
      <Filter>01.Utility\06.Sound\FMOD</Filter>
    </ClInclude>
    <ClInclude Include="..\Public\FMOD\fmod_output.h">
      <Filter>01.Utility\06.Sound\FMOD</Filter>
    </ClInclude>
    <ClInclude Include="..\public\Transform.h">
      <Filter>01.Utility\03.Components\Transform</Filter>
    </ClInclude>
    <ClInclude Include="..\public\Texture.h">
      <Filter>01.Utility\03.Components\Texture</Filter>
    </ClInclude>
    <ClInclude Include="..\Public\UIObject.h">
      <Filter>01.Utility\02.GameObject\UIObject</Filter>
    </ClInclude>
    <ClInclude Include="..\Public\UIButton.h">
      <Filter>01.Utility\02.GameObject\UIObject\Button</Filter>
    </ClInclude>
    <ClInclude Include="..\Public\UIPanel.h">
      <Filter>01.Utility\02.GameObject\UIObject\Panel</Filter>
    </ClInclude>
    <ClInclude Include="..\public\VIBuffer.h">
      <Filter>01.Utility\03.Components\VIBuffer</Filter>
    </ClInclude>
    <ClInclude Include="..\public\VIBuffer_Rect.h">
      <Filter>01.Utility\03.Components\VIBuffer\Rect</Filter>
    </ClInclude>
    <ClInclude Include="..\public\Shader.h">
      <Filter>01.Utility\03.Components\Shader</Filter>
    </ClInclude>
    <ClInclude Include="..\public\UIAnimation.h">
      <Filter>01.Utility\03.Components\Animation\UIAnimation</Filter>
    </ClInclude>
    <ClInclude Include="..\public\UIBar.h">
      <Filter>01.Utility\02.GameObject\UIObject\Bar</Filter>
    </ClInclude>
    <ClInclude Include="..\Public\VIBuffer_Terrain.h">
      <Filter>01.Utility\03.Components\VIBuffer\Terrain</Filter>
    </ClInclude>
    <ClInclude Include="..\public\Camera.h">
      <Filter>01.Utility\02.GameObject\Camera</Filter>
    </ClInclude>
    <ClInclude Include="..\public\PipeLine.h">
      <Filter>01.Utility\07. PipLine</Filter>
    </ClInclude>
    <ClInclude Include="..\public\Input_Device.h">
      <Filter>00.System\02.Input</Filter>
    </ClInclude>
    <ClInclude Include="..\public\Model.h">
      <Filter>01.Utility\03.Components\Model</Filter>
    </ClInclude>
    <ClInclude Include="..\public\Mesh.h">
      <Filter>01.Utility\03.Components\Model\Mesh</Filter>
    </ClInclude>
  </ItemGroup>
  <ItemGroup>
    <ClCompile Include="..\Private\GameInstance.cpp">
      <Filter>01.Utility\00.GameInstance</Filter>
    </ClCompile>
    <ClCompile Include="..\Private\Timer.cpp">
      <Filter>00.System\01.Timer</Filter>
    </ClCompile>
    <ClCompile Include="..\Private\Graphic_Device.cpp">
      <Filter>00.System\00.Device</Filter>
    </ClCompile>
    <ClCompile Include="..\Private\Level.cpp">
      <Filter>01.Utility\01.Levels</Filter>
    </ClCompile>
    <ClCompile Include="..\Private\Level_Manager.cpp">
      <Filter>01.Utility\01.Levels\Manager</Filter>
    </ClCompile>
    <ClCompile Include="..\Private\GameObject.cpp">
      <Filter>01.Utility\02.GameObject</Filter>
    </ClCompile>
    <ClCompile Include="..\Private\Layer.cpp">
      <Filter>01.Utility\02.GameObject\Layer</Filter>
    </ClCompile>
    <ClCompile Include="..\Private\Object_Manager.cpp">
      <Filter>01.Utility\02.GameObject\Manager</Filter>
    </ClCompile>
    <ClCompile Include="..\Private\Component.cpp">
      <Filter>01.Utility\03.Components</Filter>
    </ClCompile>
    <ClCompile Include="..\Private\Prototype_Manager.cpp">
      <Filter>01.Utility\04.Prorotypes</Filter>
    </ClCompile>
    <ClCompile Include="..\Private\Renderer.cpp">
      <Filter>01.Utility\05.Renderer</Filter>
    </ClCompile>
    <ClCompile Include="..\Private\Timer_Manager.cpp">
      <Filter>00.System\01.Timer\Manger</Filter>
    </ClCompile>
    <ClCompile Include="..\Private\Base.cpp">
      <Filter>01.Utility\99.Base</Filter>
    </ClCompile>
    <ClCompile Include="..\private\Sound_Manager.cpp">
      <Filter>01.Utility\06.Sound\Manager</Filter>
    </ClCompile>
    <ClCompile Include="..\private\Transform.cpp">
      <Filter>01.Utility\03.Components\Transform</Filter>
    </ClCompile>
    <ClCompile Include="..\private\Texture.cpp">
      <Filter>01.Utility\03.Components\Texture</Filter>
    </ClCompile>
    <ClCompile Include="..\Private\UIObject.cpp">
      <Filter>01.Utility\02.GameObject\UIObject</Filter>
    </ClCompile>
    <ClCompile Include="..\Private\UIButton.cpp">
      <Filter>01.Utility\02.GameObject\UIObject\Button</Filter>
    </ClCompile>
    <ClCompile Include="..\Private\UIPanel.cpp">
      <Filter>01.Utility\02.GameObject\UIObject\Panel</Filter>
    </ClCompile>
    <ClCompile Include="..\private\VIBuffer.cpp">
      <Filter>01.Utility\03.Components\VIBuffer</Filter>
    </ClCompile>
    <ClCompile Include="..\private\VIBuffer_Rect.cpp">
      <Filter>01.Utility\03.Components\VIBuffer\Rect</Filter>
    </ClCompile>
    <ClCompile Include="..\private\Shader.cpp">
      <Filter>01.Utility\03.Components\Shader</Filter>
    </ClCompile>
    <ClCompile Include="..\private\UIAnimation.cpp">
      <Filter>01.Utility\03.Components\Animation\UIAnimation</Filter>
    </ClCompile>
    <ClCompile Include="..\private\UIBar.cpp">
      <Filter>01.Utility\02.GameObject\UIObject\Bar</Filter>
    </ClCompile>
    <ClCompile Include="..\Private\VIBuffer_Terrain.cpp">
      <Filter>01.Utility\03.Components\VIBuffer\Terrain</Filter>
    </ClCompile>
    <ClCompile Include="..\private\Camera.cpp">
      <Filter>01.Utility\02.GameObject\Camera</Filter>
    </ClCompile>
    <ClCompile Include="..\private\PipeLine.cpp">
      <Filter>01.Utility\07. PipLine</Filter>
    </ClCompile>
    <ClCompile Include="..\private\Input_Device.cpp">
      <Filter>00.System\02.Input</Filter>
    </ClCompile>
    <ClCompile Include="..\private\Model.cpp">
      <Filter>01.Utility\03.Components\Model</Filter>
    </ClCompile>
    <ClCompile Include="..\private\Mesh.cpp">
      <Filter>01.Utility\03.Components\Model\Mesh</Filter>
    </ClCompile>
  </ItemGroup>
  <ItemGroup>
    <None Include="..\Public\FMOD\fmod.cs">
      <Filter>01.Utility\06.Sound\FMOD</Filter>
    </None>
    <None Include="..\Public\FMOD\fmod_dsp.cs">
      <Filter>01.Utility\06.Sound\FMOD</Filter>
    </None>
    <None Include="..\Public\FMOD\fmod_errors.cs">
      <Filter>01.Utility\06.Sound\FMOD</Filter>
    </None>
  </ItemGroup>
  <ItemGroup>
    <Library Include="..\Public\FMOD\fmod_vc.lib">
      <Filter>01.Utility\06.Sound\FMOD</Filter>
    </Library>
    <Library Include="..\Public\FMOD\fmodL_vc.lib">
      <Filter>01.Utility\06.Sound\FMOD</Filter>
    </Library>
  </ItemGroup>
</Project>