<?xml version="1.0" encoding="utf-8"?>
<Project ToolsVersion="4.0" xmlns="http://schemas.microsoft.com/developer/msbuild/2003">
  <ItemGroup>
    <Filter Include="99.Defines">
      <UniqueIdentifier>{b81cb9b6-9d13-4d9c-ae26-53e9e3fc321e}</UniqueIdentifier>
    </Filter>
    <Filter Include="98.Defualt">
      <UniqueIdentifier>{554bf935-2e5b-4150-b2e0-26db9923df7e}</UniqueIdentifier>
    </Filter>
    <Filter Include="00.MainApp">
      <UniqueIdentifier>{f13deefa-47f2-46b7-bb82-87cd5134f2fc}</UniqueIdentifier>
    </Filter>
    <Filter Include="98.Defualt\Client">
      <UniqueIdentifier>{a8bd9ad7-ae6d-4f49-bd75-f579d475104a}</UniqueIdentifier>
    </Filter>
    <Filter Include="01.Level">
      <UniqueIdentifier>{4b282384-d898-4020-8198-d54ba01ddb98}</UniqueIdentifier>
    </Filter>
    <Filter Include="01.Level\Logo">
      <UniqueIdentifier>{a0dba2e5-a4f7-4c67-a390-4f0bd5416acd}</UniqueIdentifier>
    </Filter>
    <Filter Include="01.Level\Loading">
      <UniqueIdentifier>{f672e1ed-459b-4367-a446-176e68b89f54}</UniqueIdentifier>
    </Filter>
    <Filter Include="01.Level\GamePlay">
      <UniqueIdentifier>{c88a494f-1fa1-44dd-8d87-499668bc4d67}</UniqueIdentifier>
    </Filter>
    <Filter Include="01.Level\Loading\Loader">
      <UniqueIdentifier>{29fe1fb8-8cc9-4d89-82aa-1afa63521a85}</UniqueIdentifier>
    </Filter>
    <Filter Include="IMGUI">
      <UniqueIdentifier>{00a0265f-15d3-4b9c-839d-a58c05e6ea43}</UniqueIdentifier>
    </Filter>
    <Filter Include="97.pch">
      <UniqueIdentifier>{8749b960-2ac5-45a4-8bbb-17048ed53832}</UniqueIdentifier>
    </Filter>
    <Filter Include="IMGUI\private">
      <UniqueIdentifier>{6a8bcf2f-5877-4992-bbdb-aa2698f9aa16}</UniqueIdentifier>
    </Filter>
    <Filter Include="IMGUI\public">
      <UniqueIdentifier>{669eaac8-87e9-4a41-99c5-768c441aae53}</UniqueIdentifier>
    </Filter>
    <Filter Include="02.GameObject">
      <UniqueIdentifier>{b88c625d-2e40-45db-bcf0-b8889fcbf2c5}</UniqueIdentifier>
    </Filter>
    <Filter Include="03.UIObject">
      <UniqueIdentifier>{cddebb47-5c6a-4fde-aae3-893ba388ad74}</UniqueIdentifier>
    </Filter>
    <Filter Include="03.UIObject\Canvars">
      <UniqueIdentifier>{b7781cf4-50a7-4027-b440-3869cf6160d8}</UniqueIdentifier>
    </Filter>
    <Filter Include="96. ShaderFiles">
      <UniqueIdentifier>{5458caa2-26f0-4c5a-9cce-4986ecbd6948}</UniqueIdentifier>
    </Filter>
    <Filter Include="03.UIObject\Logo">
      <UniqueIdentifier>{536a8ecb-e1ed-4831-80a1-dbfdfcb26522}</UniqueIdentifier>
    </Filter>
    <Filter Include="03.UIObject\Logo\Panel">
      <UniqueIdentifier>{15e576f6-629b-49bf-a3f2-9f7177c4e280}</UniqueIdentifier>
    </Filter>
    <Filter Include="03.UIObject\Logo\Button">
      <UniqueIdentifier>{ed6c6387-5c64-47fa-9443-236d15eb4064}</UniqueIdentifier>
    </Filter>
    <Filter Include="03.UIObject\Logo\Panel\ServerListPanel">
      <UniqueIdentifier>{2bafe1d6-127f-4efc-8e98-21a539431843}</UniqueIdentifier>
    </Filter>
    <Filter Include="03.UIObject\Logo\Panel\Background">
      <UniqueIdentifier>{6a154a68-55e8-4446-ba23-0d7bc935ca6c}</UniqueIdentifier>
    </Filter>
    <Filter Include="03.UIObject\Logo\Panel\LogoPanel">
      <UniqueIdentifier>{6da2f62a-efc3-49ef-bfaf-97ddacbe2f29}</UniqueIdentifier>
    </Filter>
    <Filter Include="03.UIObject\Loading">
      <UniqueIdentifier>{508eb125-a15f-4736-9da6-1dff92a53f09}</UniqueIdentifier>
    </Filter>
    <Filter Include="03.UIObject\Loading\Background">
      <UniqueIdentifier>{4355756c-34c2-4f84-b766-ad72a30d441d}</UniqueIdentifier>
    </Filter>
    <Filter Include="03.UIObject\Loading\LoadingBar">
      <UniqueIdentifier>{9d02166a-4e84-478c-85a1-18aec5ed0a32}</UniqueIdentifier>
    </Filter>
    <Filter Include="03.UIObject\Loading\Wallpaper">
      <UniqueIdentifier>{3fe21316-9c48-4902-a01b-dae241e35143}</UniqueIdentifier>
    </Filter>
    <Filter Include="01.Level\Tutorial">
      <UniqueIdentifier>{2a282cb0-7dce-414b-913a-33b00b94506e}</UniqueIdentifier>
    </Filter>
    <Filter Include="03.UIObject\GamePlay">
      <UniqueIdentifier>{101c2c11-b160-412b-8de2-29dee46818a2}</UniqueIdentifier>
    </Filter>
    <Filter Include="03.UIObject\GamePlay\EPXbar">
      <UniqueIdentifier>{7193d12a-b82c-4f5c-88b4-27f792aebed0}</UniqueIdentifier>
    </Filter>
    <Filter Include="03.UIObject\GamePlay\HUD">
      <UniqueIdentifier>{b467a4d6-af50-4540-a1e2-e26f8ffd2c46}</UniqueIdentifier>
    </Filter>
    <Filter Include="02.GameObject\Terrain">
      <UniqueIdentifier>{b92eb64d-652c-457b-8e8f-28555ce33f42}</UniqueIdentifier>
    </Filter>
    <Filter Include="03.UIObject\GamePlay\HUD\HpBar">
      <UniqueIdentifier>{65361930-8c85-4e2f-b8c4-f3ed1eee5961}</UniqueIdentifier>
    </Filter>
    <Filter Include="03.UIObject\GamePlay\HUD\MpBar">
      <UniqueIdentifier>{58230eb6-ed69-4363-9ad4-77d19223c475}</UniqueIdentifier>
    </Filter>
    <Filter Include="03.UIObject\GamePlay\HUD\Identity">
      <UniqueIdentifier>{ba69785f-f473-4fcc-acfa-c967e36173ad}</UniqueIdentifier>
    </Filter>
    <Filter Include="03.UIObject\GamePlay\HUD\WeaponUI">
      <UniqueIdentifier>{e699f7cd-ac65-47f9-b364-f5b82543a141}</UniqueIdentifier>
    </Filter>
    <Filter Include="02.GameObject\Camera">
      <UniqueIdentifier>{33535fac-8963-4535-8ee2-3132feafbbf4}</UniqueIdentifier>
    </Filter>
    <Filter Include="02.GameObject\Camera\Camera_Free">
      <UniqueIdentifier>{7f2c039f-7088-49f0-9799-30bd0b8f1100}</UniqueIdentifier>
    </Filter>
    <Filter Include="02.GameObject\Camera\Camera_Main">
      <UniqueIdentifier>{33b1ed00-17db-41da-b25d-b0182acd36d9}</UniqueIdentifier>
    </Filter>
    <Filter Include="02.GameObject\Camera\Camera_Skill">
      <UniqueIdentifier>{6ccba7d0-5360-48fe-bb07-b8ed0dbc5397}</UniqueIdentifier>
    </Filter>
    <Filter Include="03.UIObject\GamePlay\HUD\QuickSlot">
      <UniqueIdentifier>{1d6bc005-680a-4d5f-a26d-603c2226d681}</UniqueIdentifier>
    </Filter>
    <Filter Include="03.UIObject\GamePlay\HUD\QuickSlot\SkillSlot">
      <UniqueIdentifier>{c3404c52-10da-4973-93ee-62d3cf1dc0b7}</UniqueIdentifier>
    </Filter>
    <Filter Include="03.UIObject\GamePlay\HUD\QuickSlot\ActiveSlot">
      <UniqueIdentifier>{3289fe1e-73c9-4fe1-b36a-39a0e3441ff6}</UniqueIdentifier>
    </Filter>
    <Filter Include="03.UIObject\GamePlay\HUD\QuickSlot\AwakeSlot">
      <UniqueIdentifier>{25c9c77b-9e83-4f3d-9c80-058822c86b09}</UniqueIdentifier>
    </Filter>
    <Filter Include="02.GameObject\Player">
      <UniqueIdentifier>{2fd8baa6-8256-4cd5-9c4d-cd8fa8fb41fb}</UniqueIdentifier>
    </Filter>
    <Filter Include="95.GameManager">
      <UniqueIdentifier>{62e5d424-6387-47bb-9833-3535d8cdb5b6}</UniqueIdentifier>
    </Filter>
    <Filter Include="94.Data_Manager">
      <UniqueIdentifier>{5c0b58c3-2185-4e35-b01e-849431c5db70}</UniqueIdentifier>
    </Filter>
    <Filter Include="03.UIObject\GamePlay\TopMenu">
      <UniqueIdentifier>{ce353111-024e-4ac2-b3b9-73306806f97c}</UniqueIdentifier>
    </Filter>
    <Filter Include="02.GameObject\MapObject">
      <UniqueIdentifier>{8e62f0b8-b101-41d9-8198-7e27fa8189f8}</UniqueIdentifier>
    </Filter>
    <Filter Include="tinyxml2">
      <UniqueIdentifier>{7ed9b398-637a-42d5-9540-0f19d4828884}</UniqueIdentifier>
    </Filter>
  </ItemGroup>
  <ItemGroup>
    <ClInclude Include="framework.h">
      <Filter>98.Defualt</Filter>
    </ClInclude>
    <ClInclude Include="Resource.h">
      <Filter>98.Defualt</Filter>
    </ClInclude>
    <ClInclude Include="targetver.h">
      <Filter>98.Defualt</Filter>
    </ClInclude>
    <ClInclude Include="Client.h">
      <Filter>98.Defualt\Client</Filter>
    </ClInclude>
    <ClInclude Include="..\public\MainApp.h">
      <Filter>00.MainApp</Filter>
    </ClInclude>
    <ClInclude Include="..\public\Level_Logo.h">
      <Filter>01.Level\Logo</Filter>
    </ClInclude>
    <ClInclude Include="..\Public\Client_Defines.h">
      <Filter>99.Defines</Filter>
    </ClInclude>
    <ClInclude Include="..\public\Level_Loading.h">
      <Filter>01.Level\Loading</Filter>
    </ClInclude>
    <ClInclude Include="..\public\Loader.h">
      <Filter>01.Level\Loading\Loader</Filter>
    </ClInclude>
    <ClInclude Include="..\Public\pch.h">
      <Filter>97.pch</Filter>
    </ClInclude>
    <ClInclude Include="..\Public\IMGUI\imconfig.h">
      <Filter>IMGUI\public</Filter>
    </ClInclude>
    <ClInclude Include="..\Public\IMGUI\imgui.h">
      <Filter>IMGUI\public</Filter>
    </ClInclude>
    <ClInclude Include="..\Public\IMGUI\imgui_impl_dx11.h">
      <Filter>IMGUI\public</Filter>
    </ClInclude>
    <ClInclude Include="..\Public\IMGUI\imgui_impl_win32.h">
      <Filter>IMGUI\public</Filter>
    </ClInclude>
    <ClInclude Include="..\Public\IMGUI\imgui_internal.h">
      <Filter>IMGUI\public</Filter>
    </ClInclude>
    <ClInclude Include="..\Public\IMGUI\imstb_rectpack.h">
      <Filter>IMGUI\public</Filter>
    </ClInclude>
    <ClInclude Include="..\Public\IMGUI\imstb_textedit.h">
      <Filter>IMGUI\public</Filter>
    </ClInclude>
    <ClInclude Include="..\Public\IMGUI\imstb_truetype.h">
      <Filter>IMGUI\public</Filter>
    </ClInclude>
    <ClInclude Include="..\Public\Canvars.h">
      <Filter>03.UIObject\Canvars</Filter>
    </ClInclude>
    <ClInclude Include="..\public\ServerListPanel.h">
      <Filter>03.UIObject\Logo\Panel\ServerListPanel</Filter>
    </ClInclude>
    <ClInclude Include="..\public\Background_Logo.h">
      <Filter>03.UIObject\Logo\Panel\Background</Filter>
    </ClInclude>
    <ClInclude Include="..\public\LogoPanel.h">
      <Filter>03.UIObject\Logo\Panel\LogoPanel</Filter>
    </ClInclude>
    <ClInclude Include="..\public\Background_Loading.h">
      <Filter>03.UIObject\Loading\Background</Filter>
    </ClInclude>
    <ClInclude Include="..\public\LoadingBar.h">
      <Filter>03.UIObject\Loading\LoadingBar</Filter>
    </ClInclude>
    <ClInclude Include="..\public\Wallpaper.h">
      <Filter>03.UIObject\Loading\Wallpaper</Filter>
    </ClInclude>
    <ClInclude Include="..\public\Level_Tutorial.h">
      <Filter>01.Level\Tutorial</Filter>
    </ClInclude>
    <ClInclude Include="..\public\ExpBar.h">
      <Filter>03.UIObject\GamePlay\EPXbar</Filter>
    </ClInclude>
    <ClInclude Include="..\public\HUD.h">
      <Filter>03.UIObject\GamePlay\HUD</Filter>
    </ClInclude>
    <ClInclude Include="..\public\HpBar.h">
      <Filter>03.UIObject\GamePlay\HUD\HpBar</Filter>
    </ClInclude>
    <ClInclude Include="..\public\Terrain.h">
      <Filter>02.GameObject\Terrain</Filter>
    </ClInclude>
    <ClInclude Include="..\Public\MpBar.h">
      <Filter>03.UIObject\GamePlay\HUD\MpBar</Filter>
    </ClInclude>
    <ClInclude Include="..\public\Identity.h">
      <Filter>03.UIObject\GamePlay\HUD\Identity</Filter>
    </ClInclude>
    <ClInclude Include="..\public\WeaponUI.h">
      <Filter>03.UIObject\GamePlay\HUD\WeaponUI</Filter>
    </ClInclude>
    <ClInclude Include="..\public\Camera_Free.h">
      <Filter>02.GameObject\Camera\Camera_Free</Filter>
    </ClInclude>
    <ClInclude Include="..\public\QuickSlot.h">
      <Filter>03.UIObject\GamePlay\HUD\QuickSlot</Filter>
    </ClInclude>
    <ClInclude Include="..\public\SkillSlot.h">
      <Filter>03.UIObject\GamePlay\HUD\QuickSlot\SkillSlot</Filter>
    </ClInclude>
    <ClInclude Include="..\public\ActiveSlot.h">
      <Filter>03.UIObject\GamePlay\HUD\QuickSlot\ActiveSlot</Filter>
    </ClInclude>
    <ClInclude Include="..\public\AwakeSlot.h">
      <Filter>03.UIObject\GamePlay\HUD\QuickSlot\AwakeSlot</Filter>
    </ClInclude>
    <ClInclude Include="..\public\Player.h">
      <Filter>02.GameObject\Player</Filter>
    </ClInclude>
    <ClInclude Include="..\public\GameManager.h">
      <Filter>95.GameManager</Filter>
    </ClInclude>
    <ClInclude Include="..\public\Data_Manager.h">
      <Filter>94.Data_Manager</Filter>
    </ClInclude>
    <ClInclude Include="..\public\Client_Struct.h">
      <Filter>99.Defines</Filter>
    </ClInclude>
    <ClInclude Include="..\public\TopMenu.h">
      <Filter>03.UIObject\GamePlay\TopMenu</Filter>
    </ClInclude>
    <ClInclude Include="..\public\MapObject.h">
      <Filter>02.GameObject\MapObject</Filter>
    </ClInclude>
    <ClInclude Include="..\Public\tinyxml2.h">
      <Filter>tinyxml2</Filter>
    </ClInclude>
  </ItemGroup>
  <ItemGroup>
    <Image Include="Client.ico">
      <Filter>98.Defualt</Filter>
    </Image>
    <Image Include="small.ico">
      <Filter>98.Defualt</Filter>
    </Image>
  </ItemGroup>
  <ItemGroup>
    <ResourceCompile Include="Client.rc">
      <Filter>98.Defualt</Filter>
    </ResourceCompile>
  </ItemGroup>
  <ItemGroup>
    <ClCompile Include="Client.cpp">
      <Filter>98.Defualt\Client</Filter>
    </ClCompile>
    <ClCompile Include="..\private\MainApp.cpp">
      <Filter>00.MainApp</Filter>
    </ClCompile>
    <ClCompile Include="..\private\Level_Logo.cpp">
      <Filter>01.Level\Logo</Filter>
    </ClCompile>
    <ClCompile Include="..\private\Level_Loading.cpp">
      <Filter>01.Level\Loading</Filter>
    </ClCompile>
    <ClCompile Include="..\private\Loader.cpp">
      <Filter>01.Level\Loading\Loader</Filter>
    </ClCompile>
    <ClCompile Include="..\Private\pch.cpp">
      <Filter>97.pch</Filter>
    </ClCompile>
    <ClCompile Include="..\Private\IMGUI\imgui_widgets.cpp">
      <Filter>IMGUI\private</Filter>
    </ClCompile>
    <ClCompile Include="..\Private\IMGUI\imgui.cpp">
      <Filter>IMGUI\private</Filter>
    </ClCompile>
    <ClCompile Include="..\Private\IMGUI\imgui_demo.cpp">
      <Filter>IMGUI\private</Filter>
    </ClCompile>
    <ClCompile Include="..\Private\IMGUI\imgui_draw.cpp">
      <Filter>IMGUI\private</Filter>
    </ClCompile>
    <ClCompile Include="..\Private\IMGUI\imgui_impl_dx11.cpp">
      <Filter>IMGUI\private</Filter>
    </ClCompile>
    <ClCompile Include="..\Private\IMGUI\imgui_impl_win32.cpp">
      <Filter>IMGUI\private</Filter>
    </ClCompile>
    <ClCompile Include="..\Private\IMGUI\imgui_tables.cpp">
      <Filter>IMGUI\private</Filter>
    </ClCompile>
    <ClCompile Include="..\Private\Canvars.cpp">
      <Filter>03.UIObject\Canvars</Filter>
    </ClCompile>
    <ClCompile Include="..\private\ServerListPanel.cpp">
      <Filter>03.UIObject\Logo\Panel\ServerListPanel</Filter>
    </ClCompile>
    <ClCompile Include="..\private\Background_Logo.cpp">
      <Filter>03.UIObject\Logo\Panel\Background</Filter>
    </ClCompile>
    <ClCompile Include="..\private\LogoPanel.cpp">
      <Filter>03.UIObject\Logo\Panel\LogoPanel</Filter>
    </ClCompile>
    <ClCompile Include="..\private\Background_Loading.cpp">
      <Filter>03.UIObject\Loading\Background</Filter>
    </ClCompile>
    <ClCompile Include="..\private\LoadingBar.cpp">
      <Filter>03.UIObject\Loading\LoadingBar</Filter>
    </ClCompile>
    <ClCompile Include="..\private\Wallpaper.cpp">
      <Filter>03.UIObject\Loading\Wallpaper</Filter>
    </ClCompile>
    <ClCompile Include="..\private\Level_Tutorial.cpp">
      <Filter>01.Level\Tutorial</Filter>
    </ClCompile>
    <ClCompile Include="..\private\ExpBar.cpp">
      <Filter>03.UIObject\GamePlay\EPXbar</Filter>
    </ClCompile>
    <ClCompile Include="..\private\HUD.cpp">
      <Filter>03.UIObject\GamePlay\HUD</Filter>
    </ClCompile>
    <ClCompile Include="..\private\HpBar.cpp">
      <Filter>03.UIObject\GamePlay\HUD\HpBar</Filter>
    </ClCompile>
    <ClCompile Include="..\private\Terrain.cpp">
      <Filter>02.GameObject\Terrain</Filter>
    </ClCompile>
    <ClCompile Include="..\Private\MpBar.cpp">
      <Filter>03.UIObject\GamePlay\HUD\MpBar</Filter>
    </ClCompile>
    <ClCompile Include="..\private\Identity.cpp">
      <Filter>03.UIObject\GamePlay\HUD\Identity</Filter>
    </ClCompile>
    <ClCompile Include="..\private\WeaponUI.cpp">
      <Filter>03.UIObject\GamePlay\HUD\WeaponUI</Filter>
    </ClCompile>
    <ClCompile Include="..\private\Camera_Free.cpp">
      <Filter>02.GameObject\Camera\Camera_Free</Filter>
    </ClCompile>
    <ClCompile Include="..\private\QuickSlot.cpp">
      <Filter>03.UIObject\GamePlay\HUD\QuickSlot</Filter>
    </ClCompile>
    <ClCompile Include="..\private\SkillSlot.cpp">
      <Filter>03.UIObject\GamePlay\HUD\QuickSlot\SkillSlot</Filter>
    </ClCompile>
    <ClCompile Include="..\private\ActiveSlot.cpp">
      <Filter>03.UIObject\GamePlay\HUD\QuickSlot\ActiveSlot</Filter>
    </ClCompile>
    <ClCompile Include="..\private\AwakeSlot.cpp">
      <Filter>03.UIObject\GamePlay\HUD\QuickSlot\AwakeSlot</Filter>
    </ClCompile>
    <ClCompile Include="..\private\Player.cpp">
      <Filter>02.GameObject\Player</Filter>
    </ClCompile>
    <ClCompile Include="..\private\GameManager.cpp">
      <Filter>95.GameManager</Filter>
    </ClCompile>
    <ClCompile Include="..\private\Data_Manager.cpp">
      <Filter>94.Data_Manager</Filter>
    </ClCompile>
    <ClCompile Include="..\private\TopMenu.cpp">
      <Filter>03.UIObject\GamePlay\TopMenu</Filter>
    </ClCompile>
    <ClCompile Include="..\private\MapObject.cpp">
      <Filter>02.GameObject\MapObject</Filter>
    </ClCompile>
    <ClCompile Include="..\Private\tinyxml2.cpp">
      <Filter>tinyxml2</Filter>
    </ClCompile>
  </ItemGroup>
  <ItemGroup>
    <FxCompile Include="..\Bin\ShaderFiles\Shader_VTXPosTex.hlsl">
      <Filter>96. ShaderFiles</Filter>
    </FxCompile>
    <FxCompile Include="..\Bin\ShaderFiles\Shader_VTXNorTex.hlsl">
      <Filter>96. ShaderFiles</Filter>
    </FxCompile>
    <FxCompile Include="..\Bin\ShaderFiles\Shader_VTXMesh.hlsl">
      <Filter>96. ShaderFiles</Filter>
    </FxCompile>
  </ItemGroup>
</Project>