<?xml version="1.0" encoding="utf-8"?>
<Project ToolsVersion="4.0" xmlns="http://schemas.microsoft.com/developer/msbuild/2003">
  <ItemGroup>
    <Filter Include="99.Defines">
      <UniqueIdentifier>{b81cb9b6-9d13-4d9c-ae26-53e9e3fc321e}</UniqueIdentifier>
    </Filter>
    <Filter Include="98.Defualt">
      <UniqueIdentifier>{554bf935-2e5b-4150-b2e0-26db9923df7e}</UniqueIdentifier>
    </Filter>
    <Filter Include="00.MainApp">
      <UniqueIdentifier>{f13deefa-47f2-46b7-bb82-87cd5134f2fc}</UniqueIdentifier>
    </Filter>
    <Filter Include="98.Defualt\Client">
      <UniqueIdentifier>{a8bd9ad7-ae6d-4f49-bd75-f579d475104a}</UniqueIdentifier>
    </Filter>
    <Filter Include="01.Level">
      <UniqueIdentifier>{4b282384-d898-4020-8198-d54ba01ddb98}</UniqueIdentifier>
    </Filter>
    <Filter Include="01.Level\Logo">
      <UniqueIdentifier>{a0dba2e5-a4f7-4c67-a390-4f0bd5416acd}</UniqueIdentifier>
    </Filter>
    <Filter Include="01.Level\Loading">
      <UniqueIdentifier>{f672e1ed-459b-4367-a446-176e68b89f54}</UniqueIdentifier>
    </Filter>
    <Filter Include="01.Level\Loading\Loader">
      <UniqueIdentifier>{29fe1fb8-8cc9-4d89-82aa-1afa63521a85}</UniqueIdentifier>
    </Filter>
    <Filter Include="IMGUI">
      <UniqueIdentifier>{00a0265f-15d3-4b9c-839d-a58c05e6ea43}</UniqueIdentifier>
    </Filter>
    <Filter Include="97.pch">
      <UniqueIdentifier>{8749b960-2ac5-45a4-8bbb-17048ed53832}</UniqueIdentifier>
    </Filter>
    <Filter Include="IMGUI\private">
      <UniqueIdentifier>{6a8bcf2f-5877-4992-bbdb-aa2698f9aa16}</UniqueIdentifier>
    </Filter>
    <Filter Include="IMGUI\public">
      <UniqueIdentifier>{669eaac8-87e9-4a41-99c5-768c441aae53}</UniqueIdentifier>
    </Filter>
    <Filter Include="02.GameObject">
      <UniqueIdentifier>{b88c625d-2e40-45db-bcf0-b8889fcbf2c5}</UniqueIdentifier>
    </Filter>
    <Filter Include="03.UIObject">
      <UniqueIdentifier>{cddebb47-5c6a-4fde-aae3-893ba388ad74}</UniqueIdentifier>
    </Filter>
    <Filter Include="03.UIObject\Canvars">
      <UniqueIdentifier>{b7781cf4-50a7-4027-b440-3869cf6160d8}</UniqueIdentifier>
    </Filter>
    <Filter Include="96. ShaderFiles">
      <UniqueIdentifier>{5458caa2-26f0-4c5a-9cce-4986ecbd6948}</UniqueIdentifier>
    </Filter>
    <Filter Include="03.UIObject\Logo">
      <UniqueIdentifier>{536a8ecb-e1ed-4831-80a1-dbfdfcb26522}</UniqueIdentifier>
    </Filter>
    <Filter Include="01.Level\Tutorial">
      <UniqueIdentifier>{2a282cb0-7dce-414b-913a-33b00b94506e}</UniqueIdentifier>
    </Filter>
    <Filter Include="03.UIObject\GamePlay">
      <UniqueIdentifier>{101c2c11-b160-412b-8de2-29dee46818a2}</UniqueIdentifier>
    </Filter>
    <Filter Include="03.UIObject\GamePlay\EPXbar">
      <UniqueIdentifier>{7193d12a-b82c-4f5c-88b4-27f792aebed0}</UniqueIdentifier>
    </Filter>
    <Filter Include="03.UIObject\GamePlay\HUD">
      <UniqueIdentifier>{b467a4d6-af50-4540-a1e2-e26f8ffd2c46}</UniqueIdentifier>
    </Filter>
    <Filter Include="02.GameObject\Terrain">
      <UniqueIdentifier>{b92eb64d-652c-457b-8e8f-28555ce33f42}</UniqueIdentifier>
    </Filter>
    <Filter Include="03.UIObject\GamePlay\HUD\HpBar">
      <UniqueIdentifier>{65361930-8c85-4e2f-b8c4-f3ed1eee5961}</UniqueIdentifier>
    </Filter>
    <Filter Include="03.UIObject\GamePlay\HUD\MpBar">
      <UniqueIdentifier>{58230eb6-ed69-4363-9ad4-77d19223c475}</UniqueIdentifier>
    </Filter>
    <Filter Include="03.UIObject\GamePlay\HUD\Identity">
      <UniqueIdentifier>{ba69785f-f473-4fcc-acfa-c967e36173ad}</UniqueIdentifier>
    </Filter>
    <Filter Include="03.UIObject\GamePlay\HUD\WeaponUI">
      <UniqueIdentifier>{e699f7cd-ac65-47f9-b364-f5b82543a141}</UniqueIdentifier>
    </Filter>
    <Filter Include="02.GameObject\Camera">
      <UniqueIdentifier>{33535fac-8963-4535-8ee2-3132feafbbf4}</UniqueIdentifier>
    </Filter>
    <Filter Include="02.GameObject\Camera\Camera_Free">
      <UniqueIdentifier>{7f2c039f-7088-49f0-9799-30bd0b8f1100}</UniqueIdentifier>
    </Filter>
    <Filter Include="03.UIObject\GamePlay\HUD\QuickSlot">
      <UniqueIdentifier>{1d6bc005-680a-4d5f-a26d-603c2226d681}</UniqueIdentifier>
    </Filter>
    <Filter Include="03.UIObject\GamePlay\HUD\QuickSlot\SkillSlot">
      <UniqueIdentifier>{c3404c52-10da-4973-93ee-62d3cf1dc0b7}</UniqueIdentifier>
    </Filter>
    <Filter Include="03.UIObject\GamePlay\HUD\QuickSlot\ActiveSlot">
      <UniqueIdentifier>{3289fe1e-73c9-4fe1-b36a-39a0e3441ff6}</UniqueIdentifier>
    </Filter>
    <Filter Include="03.UIObject\GamePlay\HUD\QuickSlot\AwakeSlot">
      <UniqueIdentifier>{25c9c77b-9e83-4f3d-9c80-058822c86b09}</UniqueIdentifier>
    </Filter>
    <Filter Include="95.GameManager">
      <UniqueIdentifier>{62e5d424-6387-47bb-9833-3535d8cdb5b6}</UniqueIdentifier>
    </Filter>
    <Filter Include="94.Data_Manager">
      <UniqueIdentifier>{5c0b58c3-2185-4e35-b01e-849431c5db70}</UniqueIdentifier>
    </Filter>
    <Filter Include="03.UIObject\GamePlay\TopMenu">
      <UniqueIdentifier>{ce353111-024e-4ac2-b3b9-73306806f97c}</UniqueIdentifier>
    </Filter>
    <Filter Include="02.GameObject\MapObject">
      <UniqueIdentifier>{8e62f0b8-b101-41d9-8198-7e27fa8189f8}</UniqueIdentifier>
    </Filter>
    <Filter Include="tinyxml2">
      <UniqueIdentifier>{7ed9b398-637a-42d5-9540-0f19d4828884}</UniqueIdentifier>
    </Filter>
    <Filter Include="01.Level\MapEdit">
      <UniqueIdentifier>{a059223b-f1e2-49f6-851d-a60d99a531aa}</UniqueIdentifier>
    </Filter>
    <Filter Include="03.UIObject\Logo\Background">
      <UniqueIdentifier>{6a154a68-55e8-4446-ba23-0d7bc935ca6c}</UniqueIdentifier>
    </Filter>
    <Filter Include="03.UIObject\Logo\LogoPanel">
      <UniqueIdentifier>{6da2f62a-efc3-49ef-bfaf-97ddacbe2f29}</UniqueIdentifier>
    </Filter>
    <Filter Include="03.UIObject\Logo\ServerListPanel">
      <UniqueIdentifier>{2bafe1d6-127f-4efc-8e98-21a539431843}</UniqueIdentifier>
    </Filter>
    <Filter Include="03.UIObject\Logo\Button">
      <UniqueIdentifier>{f083bb09-dbfb-48e7-a3ca-7aa7c77f8990}</UniqueIdentifier>
    </Filter>
    <Filter Include="03.UIObject\GamePlay\HUD\Iden_Gauge">
      <UniqueIdentifier>{44b53257-d913-4728-a930-874cb4fd6b22}</UniqueIdentifier>
    </Filter>
    <Filter Include="02.GameObject\Sky">
      <UniqueIdentifier>{e9ba7668-c9e7-4b9e-a9e8-0dd2e5513849}</UniqueIdentifier>
    </Filter>
    <Filter Include="03.UIObject\Mouse">
      <UniqueIdentifier>{b25a4856-904f-4c7b-a669-dffaeeaafefc}</UniqueIdentifier>
    </Filter>
    <Filter Include="04.Skill">
      <UniqueIdentifier>{1fecdd2a-3478-4a48-befe-4e014e168ee9}</UniqueIdentifier>
    </Filter>
    <Filter Include="03.UIObject\UIEffect">
      <UniqueIdentifier>{eac812f1-3149-4f1f-8848-b4b3430bed6e}</UniqueIdentifier>
    </Filter>
    <Filter Include="03.UIObject\GamePlay\Loading">
      <UniqueIdentifier>{508eb125-a15f-4736-9da6-1dff92a53f09}</UniqueIdentifier>
    </Filter>
    <Filter Include="03.UIObject\GamePlay\Loading\Background">
      <UniqueIdentifier>{4355756c-34c2-4f84-b766-ad72a30d441d}</UniqueIdentifier>
    </Filter>
    <Filter Include="03.UIObject\GamePlay\Loading\LoadingBar">
      <UniqueIdentifier>{9d02166a-4e84-478c-85a1-18aec5ed0a32}</UniqueIdentifier>
    </Filter>
    <Filter Include="03.UIObject\GamePlay\Loading\Wallpaper">
      <UniqueIdentifier>{3fe21316-9c48-4902-a01b-dae241e35143}</UniqueIdentifier>
    </Filter>
    <Filter Include="02.GameObject\Camera\Camera_Fix">
      <UniqueIdentifier>{33b1ed00-17db-41da-b25d-b0182acd36d9}</UniqueIdentifier>
    </Filter>
    <Filter Include="04.Skill\Manger">
      <UniqueIdentifier>{9998b1c8-e252-45c3-ac1b-5f3f029fd649}</UniqueIdentifier>
    </Filter>
    <Filter Include="04.Skill\Identity">
      <UniqueIdentifier>{03d58a48-2daa-43ba-9e1f-061ae86c5042}</UniqueIdentifier>
    </Filter>
    <Filter Include="03.UIObject\GamePlay\HUD\Panel">
      <UniqueIdentifier>{5bdf0330-c5e5-46c4-9e60-53a6c28de6a1}</UniqueIdentifier>
    </Filter>
    <Filter Include="05. Buff">
      <UniqueIdentifier>{57eebbcf-8d91-4142-b682-090531719bdf}</UniqueIdentifier>
    </Filter>
    <Filter Include="05. Buff\Manager">
      <UniqueIdentifier>{252a5b4f-6baa-45c0-9ba1-7a1e3cc11c2d}</UniqueIdentifier>
    </Filter>
    <Filter Include="03.UIObject\GamePlay\HUD\BuffSlot">
      <UniqueIdentifier>{4e357890-ea60-45d9-9705-186f6688e3de}</UniqueIdentifier>
    </Filter>
    <Filter Include="03.UIObject\GamePlay\HUD\UtilitySkill">
      <UniqueIdentifier>{4a1d3c22-9428-4bc4-ba04-23934c3e03df}</UniqueIdentifier>
    </Filter>
    <Filter Include="03.UIObject\GamePlay\HUD\UtilitySkill\Slot">
      <UniqueIdentifier>{0e83961b-cc8e-4d37-ae06-98129a5f8570}</UniqueIdentifier>
    </Filter>
    <Filter Include="03.UIObject\GamePlay\HoldSkillUI">
      <UniqueIdentifier>{299b0d65-00f5-457a-bc24-2b210bc97b38}</UniqueIdentifier>
    </Filter>
    <Filter Include="03.UIObject\GamePlay\HUD\BuffUI">
      <UniqueIdentifier>{066c8c72-ecf0-4620-93e0-90ec17e5abd7}</UniqueIdentifier>
    </Filter>
    <Filter Include="02.GameObject\Character">
      <UniqueIdentifier>{674f9c74-b734-4660-95dd-49232aa1ef7f}</UniqueIdentifier>
    </Filter>
    <Filter Include="02.GameObject\Character\Monster">
      <UniqueIdentifier>{6c8637e6-133d-4334-8593-450aabfea42a}</UniqueIdentifier>
    </Filter>
    <Filter Include="02.GameObject\Character\Monster\States">
      <UniqueIdentifier>{5a6e520d-b00a-4300-8d66-919d82cfff72}</UniqueIdentifier>
    </Filter>
    <Filter Include="02.GameObject\Character\Monster\States\IDLE">
      <UniqueIdentifier>{9c8a50ad-0191-4e06-8c67-4e1f047bf167}</UniqueIdentifier>
    </Filter>
    <Filter Include="02.GameObject\Character\Monster\States\ATTACK">
      <UniqueIdentifier>{039305d5-3762-4c83-ba53-811596c4e977}</UniqueIdentifier>
    </Filter>
    <Filter Include="02.GameObject\Character\Monster\States\RUN">
      <UniqueIdentifier>{7cd25eec-b293-477d-b155-12e84b816028}</UniqueIdentifier>
    </Filter>
    <Filter Include="02.GameObject\Character\Monster\States\DEAD">
      <UniqueIdentifier>{e642cbf9-e4a6-45d0-b25c-378757cbcb9a}</UniqueIdentifier>
    </Filter>
    <Filter Include="02.GameObject\Character\Monster\States\TURN">
      <UniqueIdentifier>{e20da44e-9588-483b-bd65-331da14157b6}</UniqueIdentifier>
    </Filter>
    <Filter Include="02.GameObject\Character\Monster\Monter_Named">
      <UniqueIdentifier>{72231633-ad43-4f80-8fac-c3cae2e9bfb4}</UniqueIdentifier>
    </Filter>
    <Filter Include="02.GameObject\Character\Player">
      <UniqueIdentifier>{2fd8baa6-8256-4cd5-9c4d-cd8fa8fb41fb}</UniqueIdentifier>
    </Filter>
    <Filter Include="02.GameObject\Character\Player\Body">
      <UniqueIdentifier>{2c120c0e-58c6-4126-b0b3-a3bf09f7d837}</UniqueIdentifier>
    </Filter>
    <Filter Include="02.GameObject\Character\Player\Weapon">
      <UniqueIdentifier>{5cfa2529-1df6-48fd-9efc-beba0905ce4c}</UniqueIdentifier>
    </Filter>
    <Filter Include="02.GameObject\Character\Player\States">
      <UniqueIdentifier>{7a680735-1d3e-4780-8821-8228b4c4268f}</UniqueIdentifier>
    </Filter>
    <Filter Include="02.GameObject\Character\Player\States\IDLE">
      <UniqueIdentifier>{9bbef063-48a6-4c83-a3f9-6cf8e5fc741a}</UniqueIdentifier>
    </Filter>
    <Filter Include="02.GameObject\Character\Player\States\SKill">
      <UniqueIdentifier>{9262bfd1-d04d-420c-ab56-4df4b0567e3e}</UniqueIdentifier>
    </Filter>
    <Filter Include="02.GameObject\Character\Player\States\MOVE">
      <UniqueIdentifier>{173bbd62-6b48-4b35-a10e-0554b04fa9d4}</UniqueIdentifier>
    </Filter>
    <Filter Include="02.GameObject\Character\Player\States\DASH">
      <UniqueIdentifier>{6926daeb-0bda-4b40-81d7-e1c28776b2e7}</UniqueIdentifier>
    </Filter>
    <Filter Include="02.GameObject\Character\Player\States\HIT">
      <UniqueIdentifier>{43282a82-1efe-4949-a116-192f2b3f64d5}</UniqueIdentifier>
    </Filter>
    <Filter Include="02.GameObject\Character\Player\HpBar">
      <UniqueIdentifier>{d710584d-582b-4f6e-b20f-02d2a176c003}</UniqueIdentifier>
    </Filter>
    <Filter Include="02.GameObject\Character\Monster\Body">
      <UniqueIdentifier>{2189303a-eb0f-4210-bc07-2b841cfb97b4}</UniqueIdentifier>
    </Filter>
    <Filter Include="02.GameObject\Character\Monster\HpBar">
      <UniqueIdentifier>{19772885-0cf9-451b-bae3-7851d8c45c89}</UniqueIdentifier>
    </Filter>
    <Filter Include="02.GameObject\Character\Kamen">
      <UniqueIdentifier>{d916f16b-eff0-43d9-af42-bf1f0d834450}</UniqueIdentifier>
    </Filter>
    <Filter Include="02.GameObject\Character\Kamen\State">
      <UniqueIdentifier>{5d49de0a-5bf5-4296-9beb-1cb3f6ea0e7e}</UniqueIdentifier>
    </Filter>
    <Filter Include="01.Level\Boss">
      <UniqueIdentifier>{fb2f1120-0878-411e-be03-0b00499fd8d9}</UniqueIdentifier>
    </Filter>
    <Filter Include="02.GameObject\Sky\Dynamic">
      <UniqueIdentifier>{36318091-3632-4108-abc7-11ec78fc6fab}</UniqueIdentifier>
    </Filter>
    <Filter Include="02.GameObject\Character\Kamen\Weapon">
      <UniqueIdentifier>{e76fd810-d4db-411f-86d2-ac575438fbf8}</UniqueIdentifier>
    </Filter>
    <Filter Include="02.GameObject\Character\Kamen\State\IDLE">
      <UniqueIdentifier>{23943a66-2841-4c95-95bc-aae7ed81b7ee}</UniqueIdentifier>
    </Filter>
    <Filter Include="02.GameObject\Character\Kamen\State\INTRO">
      <UniqueIdentifier>{58344d17-d225-40c5-ae12-7f350ab96f8e}</UniqueIdentifier>
    </Filter>
    <Filter Include="02.GameObject\Kamen_Sword">
      <UniqueIdentifier>{a6199e67-b16e-4884-b788-5712a856d9c2}</UniqueIdentifier>
    </Filter>
    <Filter Include="02.GameObject\Character\Kamen\State\ATTACK">
      <UniqueIdentifier>{09fefe8a-cb19-45da-aaa2-2f05dd293a52}</UniqueIdentifier>
    </Filter>
    <Filter Include="02.GameObject\Character\Enemy">
      <UniqueIdentifier>{fa24e2ee-50d7-4886-9b24-8f75f431da24}</UniqueIdentifier>
    </Filter>
    <Filter Include="02.GameObject\Character\Monster\States\HIT">
      <UniqueIdentifier>{fa544004-144e-45bc-9e8b-49c7e32dcef4}</UniqueIdentifier>
    </Filter>
    <Filter Include="93.DamageFont_Manager">
      <UniqueIdentifier>{5b383911-782a-46a9-9f8a-d5ae3163d5d7}</UniqueIdentifier>
    </Filter>
    <Filter Include="02.GameObject\Character\Kamen\State\ATTACK\SPIN">
      <UniqueIdentifier>{aad87f6f-a8ac-4b45-b6b2-0d15cba60fd3}</UniqueIdentifier>
    </Filter>
    <Filter Include="02.GameObject\Character\Kamen\State\ATTACK\NORMAL">
      <UniqueIdentifier>{436edba2-b74d-4104-9d20-72d3af988966}</UniqueIdentifier>
    </Filter>
    <Filter Include="02.GameObject\Character\Kamen\State\ATTACK\CHARGE">
      <UniqueIdentifier>{b5baac9f-8715-4d20-b10f-e4e0217c41f3}</UniqueIdentifier>
    </Filter>
    <Filter Include="02.GameObject\Character\Kamen\State\ATTACK\COMBO">
      <UniqueIdentifier>{e007c314-0a5d-4e0d-aa8b-7fd63e7aeb57}</UniqueIdentifier>
    </Filter>
    <Filter Include="02.GameObject\Character\Kamen\State\ATTACK\SWORD">
      <UniqueIdentifier>{5f449c1f-356b-490a-8f0e-2264c1d16e0e}</UniqueIdentifier>
    </Filter>
    <Filter Include="02.GameObject\Character\Kamen\State\MOVE">
      <UniqueIdentifier>{81ff11b7-1b84-42a1-b15b-604a70293727}</UniqueIdentifier>
    </Filter>
    <Filter Include="02.GameObject\Character\Kamen\State\TURN">
      <UniqueIdentifier>{ca7d2dc6-942b-4e04-9497-daa9b4e44deb}</UniqueIdentifier>
    </Filter>
    <Filter Include="03.UIObject\BossUI">
      <UniqueIdentifier>{5d57845d-e058-4f3f-9c0f-42d088f3e756}</UniqueIdentifier>
    </Filter>
    <Filter Include="03.UIObject\BossUI\HpBar">
      <UniqueIdentifier>{682c56ef-505b-4fca-983d-bcc00fa002f2}</UniqueIdentifier>
    </Filter>
    <Filter Include="03.UIObject\BossUI\Frame">
      <UniqueIdentifier>{c78558ee-9b78-47e8-9cbf-63abb63d34be}</UniqueIdentifier>
    </Filter>
    <Filter Include="02.GameObject\Character\Player\States\SKill\Normal">
      <UniqueIdentifier>{eb7f8f0c-689a-4000-9ea7-bb0af7e952a5}</UniqueIdentifier>
    </Filter>
    <Filter Include="02.GameObject\Character\Player\States\SKill\CHARGE_SKILL">
      <UniqueIdentifier>{04105c2b-fcac-4722-98d7-72094a684862}</UniqueIdentifier>
    </Filter>
    <Filter Include="02.GameObject\Character\Player\States\SKill\COMBO">
      <UniqueIdentifier>{39ebf088-3e0f-44a8-a6dc-66f20de07663}</UniqueIdentifier>
    </Filter>
    <Filter Include="02.GameObject\Character\Player\States\CHANGE">
      <UniqueIdentifier>{bf924053-849f-401d-8808-d04d6b656054}</UniqueIdentifier>
    </Filter>
    <Filter Include="02.GameObject\Camera\Camera_ChargeSkill">
      <UniqueIdentifier>{6ccba7d0-5360-48fe-bb07-b8ed0dbc5397}</UniqueIdentifier>
    </Filter>
    <Filter Include="02.GameObject\Camera\Kamen_Intro">
      <UniqueIdentifier>{38afef9b-2635-470e-a98b-1667d5943d06}</UniqueIdentifier>
    </Filter>
    <Filter Include="02.GameObject\Character\Player\States\CutScene">
      <UniqueIdentifier>{95c70110-1d83-47f7-b6ee-238c27b3e3e0}</UniqueIdentifier>
    </Filter>
    <Filter Include="02.GameObject\Character\Kamen\State\CutScene">
      <UniqueIdentifier>{069ad23b-980b-41b1-9c87-157a79b0e4b5}</UniqueIdentifier>
    </Filter>
    <Filter Include="02.GameObject\Camera\Kamen_Enter_CutScene">
      <UniqueIdentifier>{3ef3a825-7fce-4912-8f79-3a3dda22350a}</UniqueIdentifier>
    </Filter>
    <Filter Include="03.UIObject\BossUI\Enter">
      <UniqueIdentifier>{e33e1a17-80a9-4c55-b9ce-0caabee250c8}</UniqueIdentifier>
    </Filter>
    <Filter Include="02.GameObject\Character\Kamen\State\Clash">
      <UniqueIdentifier>{bca6ff14-fd3a-4dd8-bd7c-f83b05cc0aaa}</UniqueIdentifier>
    </Filter>
    <Filter Include="92.Clash_Manager">
      <UniqueIdentifier>{51ca6224-ea03-417e-9c18-9b7c41d1641d}</UniqueIdentifier>
    </Filter>
    <Filter Include="03.UIObject\ClashUI">
      <UniqueIdentifier>{dfb4a623-36d4-4656-93a3-d209287db9b0}</UniqueIdentifier>
    </Filter>
    <Filter Include="02.GameObject\Camera\Camera_Clash">
      <UniqueIdentifier>{f1758671-eae5-41e2-ac71-abfd51c27579}</UniqueIdentifier>
    </Filter>
    <Filter Include="02.GameObject\Character\Player\States\CLASH">
      <UniqueIdentifier>{c9ae1cd5-57e5-46d1-94e9-72ec49273b40}</UniqueIdentifier>
    </Filter>
    <Filter Include="02.GameObject\Character\Kamen\State\CRITICAL">
      <UniqueIdentifier>{42bae504-abb1-40bb-96b2-ed6d58dc4e4b}</UniqueIdentifier>
    </Filter>
    <Filter Include="02.GameObject\Kamen_Area">
      <UniqueIdentifier>{392c7edd-9da4-4be3-af2c-b62d0597e9d6}</UniqueIdentifier>
    </Filter>
    <Filter Include="02.GameObject\Character\Kamen\Body">
      <UniqueIdentifier>{0b13d1a5-e478-40dd-88a3-0f108dac4b8b}</UniqueIdentifier>
    </Filter>
    <Filter Include="02.GameObject\Character\Kamen\State\DEAD">
      <UniqueIdentifier>{0f372d21-7195-479c-9bee-d75cc808ed49}</UniqueIdentifier>
    </Filter>
    <Filter Include="02.GameObject\Character\Npc">
      <UniqueIdentifier>{e276d703-a912-4140-ac47-c4968e80bff0}</UniqueIdentifier>
    </Filter>
    <Filter Include="02.GameObject\Camera\Camera_Npc">
      <UniqueIdentifier>{a7b3f996-611a-4f5d-acd1-a32e3f5ae04a}</UniqueIdentifier>
    </Filter>
    <Filter Include="91.Dialogue_Controller">
      <UniqueIdentifier>{d8c7feef-cdcf-442a-926a-28da2136b850}</UniqueIdentifier>
    </Filter>
    <Filter Include="02.GameObject\Character\Player\States\Npc">
      <UniqueIdentifier>{f8256abf-4dfd-4fbd-b6e8-6715c26259a4}</UniqueIdentifier>
    </Filter>
    <Filter Include="03.UIObject\Dialogue">
      <UniqueIdentifier>{85f6020a-cbfb-4ffa-bf3e-3654aaca2d3b}</UniqueIdentifier>
    </Filter>
    <Filter Include="06.Effect">
      <UniqueIdentifier>{a9045e11-5619-4453-98b4-d1d2bfe4d801}</UniqueIdentifier>
    </Filter>
    <Filter Include="06.Effect\Manager">
      <UniqueIdentifier>{c36314b1-ef2a-494b-9df2-ec2e278b28ef}</UniqueIdentifier>
    </Filter>
    <Filter Include="06.Effect\Ground">
      <UniqueIdentifier>{95ccfbdd-7d29-46df-80b4-dd8680b9a3f7}</UniqueIdentifier>
    </Filter>
    <Filter Include="06.Effect\Test_Effect">
      <UniqueIdentifier>{8d280cb7-d8a3-4dd1-8049-c7928dd9a938}</UniqueIdentifier>
    </Filter>
    <Filter Include="06.Effect\Trail">
      <UniqueIdentifier>{2c116854-3d70-42c2-a120-e8c9166fb895}</UniqueIdentifier>
    </Filter>
    <Filter Include="06.Effect\Test_MeshEffect">
      <UniqueIdentifier>{335ed4f0-eb23-4882-8d90-5291f98bd72e}</UniqueIdentifier>
    </Filter>
    <Filter Include="06.Effect\Mesh">
      <UniqueIdentifier>{8808088e-fa96-42dd-99b3-fe0a3ed677af}</UniqueIdentifier>
    </Filter>
    <Filter Include="01.Level\Boss\GamePlay">
      <UniqueIdentifier>{c88a494f-1fa1-44dd-8d87-499668bc4d67}</UniqueIdentifier>
    </Filter>
    <Filter Include="02.GameObject\Character\Player\EffectWeapon">
      <UniqueIdentifier>{4f0bdd58-1e60-4b58-a83b-3df72ace85c7}</UniqueIdentifier>
    </Filter>
  </ItemGroup>
  <ItemGroup>
    <ClInclude Include="framework.h">
      <Filter>98.Defualt</Filter>
    </ClInclude>
    <ClInclude Include="Resource.h">
      <Filter>98.Defualt</Filter>
    </ClInclude>
    <ClInclude Include="targetver.h">
      <Filter>98.Defualt</Filter>
    </ClInclude>
    <ClInclude Include="Client.h">
      <Filter>98.Defualt\Client</Filter>
    </ClInclude>
    <ClInclude Include="..\public\MainApp.h">
      <Filter>00.MainApp</Filter>
    </ClInclude>
    <ClInclude Include="..\public\Level_Logo.h">
      <Filter>01.Level\Logo</Filter>
    </ClInclude>
    <ClInclude Include="..\Public\Client_Defines.h">
      <Filter>99.Defines</Filter>
    </ClInclude>
    <ClInclude Include="..\public\Level_Loading.h">
      <Filter>01.Level\Loading</Filter>
    </ClInclude>
    <ClInclude Include="..\public\Loader.h">
      <Filter>01.Level\Loading\Loader</Filter>
    </ClInclude>
    <ClInclude Include="..\Public\pch.h">
      <Filter>97.pch</Filter>
    </ClInclude>
    <ClInclude Include="..\Public\IMGUI\imconfig.h">
      <Filter>IMGUI\public</Filter>
    </ClInclude>
    <ClInclude Include="..\Public\IMGUI\imgui.h">
      <Filter>IMGUI\public</Filter>
    </ClInclude>
    <ClInclude Include="..\Public\IMGUI\imgui_impl_dx11.h">
      <Filter>IMGUI\public</Filter>
    </ClInclude>
    <ClInclude Include="..\Public\IMGUI\imgui_impl_win32.h">
      <Filter>IMGUI\public</Filter>
    </ClInclude>
    <ClInclude Include="..\Public\IMGUI\imgui_internal.h">
      <Filter>IMGUI\public</Filter>
    </ClInclude>
    <ClInclude Include="..\Public\IMGUI\imstb_rectpack.h">
      <Filter>IMGUI\public</Filter>
    </ClInclude>
    <ClInclude Include="..\Public\IMGUI\imstb_textedit.h">
      <Filter>IMGUI\public</Filter>
    </ClInclude>
    <ClInclude Include="..\Public\IMGUI\imstb_truetype.h">
      <Filter>IMGUI\public</Filter>
    </ClInclude>
    <ClInclude Include="..\Public\Canvars.h">
      <Filter>03.UIObject\Canvars</Filter>
    </ClInclude>
    <ClInclude Include="..\public\ServerListPanel.h">
      <Filter>03.UIObject\Logo\ServerListPanel</Filter>
    </ClInclude>
    <ClInclude Include="..\public\Background_Logo.h">
      <Filter>03.UIObject\Logo\Background</Filter>
    </ClInclude>
    <ClInclude Include="..\public\LogoPanel.h">
      <Filter>03.UIObject\Logo\LogoPanel</Filter>
    </ClInclude>
    <ClInclude Include="..\public\Background_Loading.h">
      <Filter>03.UIObject\GamePlay\Loading\Background</Filter>
    </ClInclude>
    <ClInclude Include="..\public\LoadingBar.h">
      <Filter>03.UIObject\GamePlay\Loading\LoadingBar</Filter>
    </ClInclude>
    <ClInclude Include="..\public\Wallpaper.h">
      <Filter>03.UIObject\GamePlay\Loading\Wallpaper</Filter>
    </ClInclude>
    <ClInclude Include="..\public\Level_Tutorial.h">
      <Filter>01.Level\Tutorial</Filter>
    </ClInclude>
    <ClInclude Include="..\public\ExpBar.h">
      <Filter>03.UIObject\GamePlay\EPXbar</Filter>
    </ClInclude>
    <ClInclude Include="..\public\HpBar.h">
      <Filter>03.UIObject\GamePlay\HUD\HpBar</Filter>
    </ClInclude>
    <ClInclude Include="..\public\Terrain.h">
      <Filter>02.GameObject\Terrain</Filter>
    </ClInclude>
    <ClInclude Include="..\Public\MpBar.h">
      <Filter>03.UIObject\GamePlay\HUD\MpBar</Filter>
    </ClInclude>
    <ClInclude Include="..\public\Identity.h">
      <Filter>03.UIObject\GamePlay\HUD\Identity</Filter>
    </ClInclude>
    <ClInclude Include="..\public\WeaponUI.h">
      <Filter>03.UIObject\GamePlay\HUD\WeaponUI</Filter>
    </ClInclude>
    <ClInclude Include="..\public\Camera_Free.h">
      <Filter>02.GameObject\Camera\Camera_Free</Filter>
    </ClInclude>
    <ClInclude Include="..\public\QuickSlot.h">
      <Filter>03.UIObject\GamePlay\HUD\QuickSlot</Filter>
    </ClInclude>
    <ClInclude Include="..\public\SkillSlot.h">
      <Filter>03.UIObject\GamePlay\HUD\QuickSlot\SkillSlot</Filter>
    </ClInclude>
    <ClInclude Include="..\public\ActiveSlot.h">
      <Filter>03.UIObject\GamePlay\HUD\QuickSlot\ActiveSlot</Filter>
    </ClInclude>
    <ClInclude Include="..\public\AwakeSlot.h">
      <Filter>03.UIObject\GamePlay\HUD\QuickSlot\AwakeSlot</Filter>
    </ClInclude>
    <ClInclude Include="..\public\Player.h">
      <Filter>02.GameObject\Character\Player</Filter>
    </ClInclude>
    <ClInclude Include="..\public\GameManager.h">
      <Filter>95.GameManager</Filter>
    </ClInclude>
    <ClInclude Include="..\public\Data_Manager.h">
      <Filter>94.Data_Manager</Filter>
    </ClInclude>
    <ClInclude Include="..\public\Client_Struct.h">
      <Filter>99.Defines</Filter>
    </ClInclude>
    <ClInclude Include="..\public\TopMenu.h">
      <Filter>03.UIObject\GamePlay\TopMenu</Filter>
    </ClInclude>
    <ClInclude Include="..\public\MapObject.h">
      <Filter>02.GameObject\MapObject</Filter>
    </ClInclude>
    <ClInclude Include="..\Public\tinyxml2.h">
      <Filter>tinyxml2</Filter>
    </ClInclude>
    <ClInclude Include="..\public\Level_MapEditor.h">
      <Filter>01.Level\MapEdit</Filter>
    </ClInclude>
    <ClInclude Include="..\public\Iden_Gauge.h">
      <Filter>03.UIObject\GamePlay\HUD\Iden_Gauge</Filter>
    </ClInclude>
    <ClInclude Include="..\public\SkySphere.h">
      <Filter>02.GameObject\Sky</Filter>
    </ClInclude>
    <ClInclude Include="..\public\Mouse.h">
      <Filter>03.UIObject\Mouse</Filter>
    </ClInclude>
    <ClInclude Include="..\public\Skill.h">
      <Filter>04.Skill</Filter>
    </ClInclude>
    <ClInclude Include="..\public\UIEffect.h">
      <Filter>03.UIObject\UIEffect</Filter>
    </ClInclude>
    <ClInclude Include="..\Public\Monster.h">
      <Filter>02.GameObject\Character\Monster</Filter>
    </ClInclude>
    <ClInclude Include="..\public\Kamen.h">
      <Filter>02.GameObject\Character\Kamen</Filter>
    </ClInclude>
    <ClInclude Include="..\public\Camera_Fix.h">
      <Filter>02.GameObject\Camera\Camera_Fix</Filter>
    </ClInclude>
    <ClInclude Include="..\public\Skill_Manager.h">
      <Filter>04.Skill\Manger</Filter>
    </ClInclude>
    <ClInclude Include="..\public\Identity_Skill.h">
      <Filter>04.Skill\Identity</Filter>
    </ClInclude>
    <ClInclude Include="..\public\HUD_Panel.h">
      <Filter>03.UIObject\GamePlay\HUD\Panel</Filter>
    </ClInclude>
    <ClInclude Include="..\public\HUD.h">
      <Filter>03.UIObject\GamePlay\HUD</Filter>
    </ClInclude>
    <ClInclude Include="..\public\Body_Player.h">
      <Filter>02.GameObject\Character\Player\Body</Filter>
    </ClInclude>
    <ClInclude Include="..\public\Weapon_Player.h">
      <Filter>02.GameObject\Character\Player\Weapon</Filter>
    </ClInclude>
    <ClInclude Include="..\public\Player_Idle.h">
      <Filter>02.GameObject\Character\Player\States\IDLE</Filter>
    </ClInclude>
    <ClInclude Include="..\public\State_Player.h">
      <Filter>02.GameObject\Character\Player\States</Filter>
    </ClInclude>
    <ClInclude Include="..\public\Player_Move.h">
      <Filter>02.GameObject\Character\Player\States\MOVE</Filter>
    </ClInclude>
    <ClInclude Include="..\public\Player_Dash.h">
      <Filter>02.GameObject\Character\Player\States\DASH</Filter>
    </ClInclude>
    <ClInclude Include="..\public\Player_ChangeStance.h">
      <Filter>02.GameObject\Character\Player\States\CHANGE</Filter>
    </ClInclude>
    <ClInclude Include="..\public\Player_Hit.h">
      <Filter>02.GameObject\Character\Player\States\HIT</Filter>
    </ClInclude>
    <ClInclude Include="..\public\Player_ChargeSkill.h">
      <Filter>02.GameObject\Character\Player\States\SKill\CHARGE_SKILL</Filter>
    </ClInclude>
    <ClInclude Include="..\public\Player_ComboSkill.h">
      <Filter>02.GameObject\Character\Player\States\SKill\COMBO</Filter>
    </ClInclude>
    <ClInclude Include="..\public\Buff.h">
      <Filter>05. Buff</Filter>
    </ClInclude>
    <ClInclude Include="..\public\Buff_Manager.h">
      <Filter>05. Buff\Manager</Filter>
    </ClInclude>
    <ClInclude Include="..\public\UtilitySkillUI.h">
      <Filter>03.UIObject\GamePlay\HUD\UtilitySkill</Filter>
    </ClInclude>
    <ClInclude Include="..\public\UtilitySkillSlot.h">
      <Filter>03.UIObject\GamePlay\HUD\UtilitySkill\Slot</Filter>
    </ClInclude>
    <ClInclude Include="..\public\HoldingSkillUI.h">
      <Filter>03.UIObject\GamePlay\HoldSkillUI</Filter>
    </ClInclude>
    <ClInclude Include="..\public\Monster_Named.h">
      <Filter>02.GameObject\Character\Monster\Monter_Named</Filter>
    </ClInclude>
    <ClInclude Include="..\Public\Monster_State.h">
      <Filter>02.GameObject\Character\Monster\States</Filter>
    </ClInclude>
    <ClInclude Include="..\public\Monster_Idle.h">
      <Filter>02.GameObject\Character\Monster\States\IDLE</Filter>
    </ClInclude>
    <ClInclude Include="..\public\Monster_Dead.h">
      <Filter>02.GameObject\Character\Monster\States\DEAD</Filter>
    </ClInclude>
    <ClInclude Include="..\public\Monster_Run.h">
      <Filter>02.GameObject\Character\Monster\States\RUN</Filter>
    </ClInclude>
    <ClInclude Include="..\public\Monster_Attack.h">
      <Filter>02.GameObject\Character\Monster\States\ATTACK</Filter>
    </ClInclude>
    <ClInclude Include="..\public\Monster_Turn.h">
      <Filter>02.GameObject\Character\Monster\States\TURN</Filter>
    </ClInclude>
    <ClInclude Include="..\public\HpBar_Player.h">
      <Filter>02.GameObject\Character\Player\HpBar</Filter>
    </ClInclude>
    <ClInclude Include="..\public\BuffUI.h">
      <Filter>03.UIObject\GamePlay\HUD\BuffUI</Filter>
    </ClInclude>
    <ClInclude Include="..\public\Character.h">
      <Filter>02.GameObject\Character</Filter>
    </ClInclude>
    <ClInclude Include="..\public\Body_Monster.h">
      <Filter>02.GameObject\Character\Monster\Body</Filter>
    </ClInclude>
    <ClInclude Include="..\public\HpBar_Monster.h">
      <Filter>02.GameObject\Character\Monster\HpBar</Filter>
    </ClInclude>
    <ClInclude Include="..\public\Body_Kamen.h">
      <Filter>02.GameObject\Character\Kamen\Body</Filter>
    </ClInclude>
    <ClInclude Include="..\public\Level_Boss.h">
      <Filter>01.Level\Boss</Filter>
    </ClInclude>
    <ClInclude Include="..\public\Dynamic_SkyBox.h">
      <Filter>02.GameObject\Sky\Dynamic</Filter>
    </ClInclude>
    <ClInclude Include="..\public\Weapon_Kamen.h">
      <Filter>02.GameObject\Character\Kamen\Weapon</Filter>
    </ClInclude>
    <ClInclude Include="..\public\State_Kamen.h">
      <Filter>02.GameObject\Character\Kamen\State</Filter>
    </ClInclude>
    <ClInclude Include="..\public\Idle_Kamen.h">
      <Filter>02.GameObject\Character\Kamen\State\IDLE</Filter>
    </ClInclude>
    <ClInclude Include="..\public\Intro_Kamen.h">
      <Filter>02.GameObject\Character\Kamen\State\INTRO</Filter>
    </ClInclude>
    <ClInclude Include="..\public\Kamen_Sword.h">
      <Filter>02.GameObject\Kamen_Sword</Filter>
    </ClInclude>
    <ClInclude Include="..\public\Attack_Normal_Kamen.h">
      <Filter>02.GameObject\Character\Kamen\State\ATTACK\NORMAL</Filter>
    </ClInclude>
    <ClInclude Include="..\public\Attack_Combo_Kamen.h">
      <Filter>02.GameObject\Character\Kamen\State\ATTACK\COMBO</Filter>
    </ClInclude>
    <ClInclude Include="..\public\Attack_Charge_Kamen.h">
      <Filter>02.GameObject\Character\Kamen\State\ATTACK\CHARGE</Filter>
    </ClInclude>
    <ClInclude Include="..\public\Attack_Kamen.h">
      <Filter>02.GameObject\Character\Kamen\State\ATTACK</Filter>
    </ClInclude>
    <ClInclude Include="..\public\DamageFont_Manager.h">
      <Filter>93.DamageFont_Manager</Filter>
    </ClInclude>
    <ClInclude Include="..\public\Enemy.h">
      <Filter>02.GameObject\Character\Enemy</Filter>
    </ClInclude>
    <ClInclude Include="..\public\Monster_Hit.h">
      <Filter>02.GameObject\Character\Monster\States\HIT</Filter>
    </ClInclude>
    <ClInclude Include="..\public\Test_Effect.h">
      <Filter>06.Effect\Test_Effect</Filter>
    </ClInclude>
    <ClInclude Include="..\public\Attack_Spin_Kamen.h">
      <Filter>02.GameObject\Character\Kamen\State\ATTACK\SPIN</Filter>
    </ClInclude>
    <ClInclude Include="..\public\Attack_Sword_Kamen.h">
      <Filter>02.GameObject\Character\Kamen\State\ATTACK\SWORD</Filter>
    </ClInclude>
    <ClInclude Include="..\public\Move_Kamen.h">
      <Filter>02.GameObject\Character\Kamen\State\MOVE</Filter>
    </ClInclude>
    <ClInclude Include="..\public\BossUI.h">
      <Filter>03.UIObject\BossUI</Filter>
    </ClInclude>
    <ClInclude Include="..\public\BossHpBar.h">
      <Filter>03.UIObject\BossUI\HpBar</Filter>
    </ClInclude>
    <ClInclude Include="..\public\BossHpFrame.h">
      <Filter>03.UIObject\BossUI\Frame</Filter>
    </ClInclude>
    <ClInclude Include="..\public\Player_NormalSkill.h">
      <Filter>02.GameObject\Character\Player\States\SKill\Normal</Filter>
    </ClInclude>
    <ClInclude Include="..\public\Skill_Player.h">
      <Filter>02.GameObject\Character\Player\States\SKill</Filter>
    </ClInclude>
    <ClInclude Include="..\public\Turn_Kamen.h">
      <Filter>02.GameObject\Character\Kamen\State\TURN</Filter>
    </ClInclude>
    <ClInclude Include="..\public\Camera_ChargeSkill.h">
      <Filter>02.GameObject\Camera\Camera_ChargeSkill</Filter>
    </ClInclude>
    <ClInclude Include="..\public\Camera_Kamen_Intro.h">
      <Filter>02.GameObject\Camera\Kamen_Intro</Filter>
    </ClInclude>
    <ClInclude Include="..\public\Player_CutScene.h">
      <Filter>02.GameObject\Character\Player\States\CutScene</Filter>
    </ClInclude>
    <ClInclude Include="..\public\CutScene_Kamen.h">
      <Filter>02.GameObject\Character\Kamen\State\CutScene</Filter>
    </ClInclude>
    <ClInclude Include="..\public\Camera_KamenEnter.h">
      <Filter>02.GameObject\Camera\Kamen_Enter_CutScene</Filter>
    </ClInclude>
    <ClInclude Include="..\public\BossEnterUI.h">
      <Filter>03.UIObject\BossUI\Enter</Filter>
    </ClInclude>
    <ClInclude Include="..\public\Clash_Kamen.h">
      <Filter>02.GameObject\Character\Kamen\State\Clash</Filter>
    </ClInclude>
    <ClInclude Include="..\public\Clash_Manager.h">
      <Filter>92.Clash_Manager</Filter>
    </ClInclude>
    <ClInclude Include="..\public\ClashUI.h">
      <Filter>03.UIObject\ClashUI</Filter>
    </ClInclude>
    <ClInclude Include="..\public\Camera_Clash.h">
      <Filter>02.GameObject\Camera\Camera_Clash</Filter>
    </ClInclude>
    <ClInclude Include="..\public\Player_Clash.h">
      <Filter>02.GameObject\Character\Player\States\CLASH</Filter>
    </ClInclude>
    <ClInclude Include="..\public\Critical_Kamen.h">
      <Filter>02.GameObject\Character\Kamen\State\CRITICAL</Filter>
    </ClInclude>
    <ClInclude Include="..\public\Kamen_Area.h">
      <Filter>02.GameObject\Kamen_Area</Filter>
    </ClInclude>
    <ClInclude Include="..\Public\Dead_Kamen.h">
      <Filter>02.GameObject\Character\Kamen\State\DEAD</Filter>
    </ClInclude>
    <ClInclude Include="..\public\Npc.h">
      <Filter>02.GameObject\Character\Npc</Filter>
    </ClInclude>
    <ClInclude Include="..\public\Camera_Npc.h">
      <Filter>02.GameObject\Camera\Camera_Npc</Filter>
    </ClInclude>
    <ClInclude Include="..\public\Dialogue_Controller.h">
      <Filter>91.Dialogue_Controller</Filter>
    </ClInclude>
    <ClInclude Include="..\public\Player_Dialogue.h">
      <Filter>02.GameObject\Character\Player\States\Npc</Filter>
    </ClInclude>
    <ClInclude Include="..\public\DialogueUI.h">
      <Filter>03.UIObject\Dialogue</Filter>
    </ClInclude>
    <ClInclude Include="..\public\Effect_Manager.h">
      <Filter>06.Effect\Manager</Filter>
    </ClInclude>
    <ClInclude Include="..\public\Effect.h">
      <Filter>06.Effect</Filter>
    </ClInclude>
    <ClInclude Include="..\public\Effect_Ground.h">
      <Filter>06.Effect\Ground</Filter>
    </ClInclude>
    <ClInclude Include="..\public\Effect_Trail.h">
      <Filter>06.Effect\Trail</Filter>
    </ClInclude>
    <ClInclude Include="..\public\TestMeshEffect.h">
      <Filter>06.Effect\Test_MeshEffect</Filter>
    </ClInclude>
    <ClInclude Include="..\public\Effect_Mesh.h">
      <Filter>06.Effect\Mesh</Filter>
    </ClInclude>
    <ClInclude Include="..\public\WeaponEffect_Player.h">
      <Filter>02.GameObject\Character\Player\EffectWeapon</Filter>
    </ClInclude>
  </ItemGroup>
  <ItemGroup>
    <Image Include="Client.ico">
      <Filter>98.Defualt</Filter>
    </Image>
    <Image Include="small.ico">
      <Filter>98.Defualt</Filter>
    </Image>
  </ItemGroup>
  <ItemGroup>
    <ResourceCompile Include="Client.rc">
      <Filter>98.Defualt</Filter>
    </ResourceCompile>
  </ItemGroup>
  <ItemGroup>
    <ClCompile Include="Client.cpp">
      <Filter>98.Defualt\Client</Filter>
    </ClCompile>
    <ClCompile Include="..\private\MainApp.cpp">
      <Filter>00.MainApp</Filter>
    </ClCompile>
    <ClCompile Include="..\private\Level_Logo.cpp">
      <Filter>01.Level\Logo</Filter>
    </ClCompile>
    <ClCompile Include="..\private\Level_Loading.cpp">
      <Filter>01.Level\Loading</Filter>
    </ClCompile>
    <ClCompile Include="..\private\Loader.cpp">
      <Filter>01.Level\Loading\Loader</Filter>
    </ClCompile>
    <ClCompile Include="..\Private\pch.cpp">
      <Filter>97.pch</Filter>
    </ClCompile>
    <ClCompile Include="..\Private\IMGUI\imgui_widgets.cpp">
      <Filter>IMGUI\private</Filter>
    </ClCompile>
    <ClCompile Include="..\Private\IMGUI\imgui.cpp">
      <Filter>IMGUI\private</Filter>
    </ClCompile>
    <ClCompile Include="..\Private\IMGUI\imgui_demo.cpp">
      <Filter>IMGUI\private</Filter>
    </ClCompile>
    <ClCompile Include="..\Private\IMGUI\imgui_draw.cpp">
      <Filter>IMGUI\private</Filter>
    </ClCompile>
    <ClCompile Include="..\Private\IMGUI\imgui_impl_dx11.cpp">
      <Filter>IMGUI\private</Filter>
    </ClCompile>
    <ClCompile Include="..\Private\IMGUI\imgui_impl_win32.cpp">
      <Filter>IMGUI\private</Filter>
    </ClCompile>
    <ClCompile Include="..\Private\IMGUI\imgui_tables.cpp">
      <Filter>IMGUI\private</Filter>
    </ClCompile>
    <ClCompile Include="..\Private\Canvars.cpp">
      <Filter>03.UIObject\Canvars</Filter>
    </ClCompile>
    <ClCompile Include="..\private\ServerListPanel.cpp">
      <Filter>03.UIObject\Logo\ServerListPanel</Filter>
    </ClCompile>
    <ClCompile Include="..\private\Background_Logo.cpp">
      <Filter>03.UIObject\Logo\Background</Filter>
    </ClCompile>
    <ClCompile Include="..\private\LogoPanel.cpp">
      <Filter>03.UIObject\Logo\LogoPanel</Filter>
    </ClCompile>
    <ClCompile Include="..\private\Background_Loading.cpp">
      <Filter>03.UIObject\GamePlay\Loading\Background</Filter>
    </ClCompile>
    <ClCompile Include="..\private\LoadingBar.cpp">
      <Filter>03.UIObject\GamePlay\Loading\LoadingBar</Filter>
    </ClCompile>
    <ClCompile Include="..\private\Wallpaper.cpp">
      <Filter>03.UIObject\GamePlay\Loading\Wallpaper</Filter>
    </ClCompile>
    <ClCompile Include="..\private\Level_Tutorial.cpp">
      <Filter>01.Level\Tutorial</Filter>
    </ClCompile>
    <ClCompile Include="..\private\ExpBar.cpp">
      <Filter>03.UIObject\GamePlay\EPXbar</Filter>
    </ClCompile>
    <ClCompile Include="..\private\HpBar.cpp">
      <Filter>03.UIObject\GamePlay\HUD\HpBar</Filter>
    </ClCompile>
    <ClCompile Include="..\private\Terrain.cpp">
      <Filter>02.GameObject\Terrain</Filter>
    </ClCompile>
    <ClCompile Include="..\Private\MpBar.cpp">
      <Filter>03.UIObject\GamePlay\HUD\MpBar</Filter>
    </ClCompile>
    <ClCompile Include="..\private\Identity.cpp">
      <Filter>03.UIObject\GamePlay\HUD\Identity</Filter>
    </ClCompile>
    <ClCompile Include="..\private\WeaponUI.cpp">
      <Filter>03.UIObject\GamePlay\HUD\WeaponUI</Filter>
    </ClCompile>
    <ClCompile Include="..\private\Camera_Free.cpp">
      <Filter>02.GameObject\Camera\Camera_Free</Filter>
    </ClCompile>
    <ClCompile Include="..\private\QuickSlot.cpp">
      <Filter>03.UIObject\GamePlay\HUD\QuickSlot</Filter>
    </ClCompile>
    <ClCompile Include="..\private\SkillSlot.cpp">
      <Filter>03.UIObject\GamePlay\HUD\QuickSlot\SkillSlot</Filter>
    </ClCompile>
    <ClCompile Include="..\private\ActiveSlot.cpp">
      <Filter>03.UIObject\GamePlay\HUD\QuickSlot\ActiveSlot</Filter>
    </ClCompile>
    <ClCompile Include="..\private\AwakeSlot.cpp">
      <Filter>03.UIObject\GamePlay\HUD\QuickSlot\AwakeSlot</Filter>
    </ClCompile>
    <ClCompile Include="..\private\Player.cpp">
      <Filter>02.GameObject\Character\Player</Filter>
    </ClCompile>
    <ClCompile Include="..\private\GameManager.cpp">
      <Filter>95.GameManager</Filter>
    </ClCompile>
    <ClCompile Include="..\private\Data_Manager.cpp">
      <Filter>94.Data_Manager</Filter>
    </ClCompile>
    <ClCompile Include="..\private\TopMenu.cpp">
      <Filter>03.UIObject\GamePlay\TopMenu</Filter>
    </ClCompile>
    <ClCompile Include="..\private\MapObject.cpp">
      <Filter>02.GameObject\MapObject</Filter>
    </ClCompile>
    <ClCompile Include="..\Private\tinyxml2.cpp">
      <Filter>tinyxml2</Filter>
    </ClCompile>
    <ClCompile Include="..\private\Level_MapEditor.cpp">
      <Filter>01.Level\MapEdit</Filter>
    </ClCompile>
    <ClCompile Include="..\private\Iden_Gauge.cpp">
      <Filter>03.UIObject\GamePlay\HUD\Iden_Gauge</Filter>
    </ClCompile>
    <ClCompile Include="..\private\SkySphere.cpp">
      <Filter>02.GameObject\Sky</Filter>
    </ClCompile>
    <ClCompile Include="..\private\Mouse.cpp">
      <Filter>03.UIObject\Mouse</Filter>
    </ClCompile>
    <ClCompile Include="..\private\Skill.cpp">
      <Filter>04.Skill</Filter>
    </ClCompile>
    <ClCompile Include="..\private\UIEffect.cpp">
      <Filter>03.UIObject\UIEffect</Filter>
    </ClCompile>
    <ClCompile Include="..\Private\Monster.cpp">
      <Filter>02.GameObject\Character\Monster</Filter>
    </ClCompile>
    <ClCompile Include="..\private\Kamen.cpp">
      <Filter>02.GameObject\Character\Kamen</Filter>
    </ClCompile>
    <ClCompile Include="..\private\Camera_Fix.cpp">
      <Filter>02.GameObject\Camera\Camera_Fix</Filter>
    </ClCompile>
    <ClCompile Include="..\private\Skill_Manager.cpp">
      <Filter>04.Skill\Manger</Filter>
    </ClCompile>
    <ClCompile Include="..\private\Identity_Skill.cpp">
      <Filter>04.Skill\Identity</Filter>
    </ClCompile>
    <ClCompile Include="..\private\HUD_Panel.cpp">
      <Filter>03.UIObject\GamePlay\HUD\Panel</Filter>
    </ClCompile>
    <ClCompile Include="..\private\HUD.cpp">
      <Filter>03.UIObject\GamePlay\HUD</Filter>
    </ClCompile>
    <ClCompile Include="..\private\Body_Player.cpp">
      <Filter>02.GameObject\Character\Player\Body</Filter>
    </ClCompile>
    <ClCompile Include="..\private\Weapon_Player.cpp">
      <Filter>02.GameObject\Character\Player\Weapon</Filter>
    </ClCompile>
    <ClCompile Include="..\private\Player_Idle.cpp">
      <Filter>02.GameObject\Character\Player\States\IDLE</Filter>
    </ClCompile>
    <ClCompile Include="..\private\State_Player.cpp">
      <Filter>02.GameObject\Character\Player\States</Filter>
    </ClCompile>
    <ClCompile Include="..\private\Player_Move.cpp">
      <Filter>02.GameObject\Character\Player\States\MOVE</Filter>
    </ClCompile>
    <ClCompile Include="..\private\Player_Dash.cpp">
      <Filter>02.GameObject\Character\Player\States\DASH</Filter>
    </ClCompile>
    <ClCompile Include="..\private\Player_ChangeStance.cpp">
      <Filter>02.GameObject\Character\Player\States\CHANGE</Filter>
    </ClCompile>
    <ClCompile Include="..\private\Player_Hit.cpp">
      <Filter>02.GameObject\Character\Player\States\HIT</Filter>
    </ClCompile>
    <ClCompile Include="..\private\Player_ChargeSkill.cpp">
      <Filter>02.GameObject\Character\Player\States\SKill\CHARGE_SKILL</Filter>
    </ClCompile>
    <ClCompile Include="..\private\Player_ComboSkill.cpp">
      <Filter>02.GameObject\Character\Player\States\SKill\COMBO</Filter>
    </ClCompile>
    <ClCompile Include="..\private\Buff.cpp">
      <Filter>05. Buff</Filter>
    </ClCompile>
    <ClCompile Include="..\private\Buff_Manager.cpp">
      <Filter>05. Buff\Manager</Filter>
    </ClCompile>
    <ClCompile Include="..\private\UtilitySkillUI.cpp">
      <Filter>03.UIObject\GamePlay\HUD\UtilitySkill</Filter>
    </ClCompile>
    <ClCompile Include="..\private\UtilitySkillSlot.cpp">
      <Filter>03.UIObject\GamePlay\HUD\UtilitySkill\Slot</Filter>
    </ClCompile>
    <ClCompile Include="..\private\HoldingSkillUI.cpp">
      <Filter>03.UIObject\GamePlay\HoldSkillUI</Filter>
    </ClCompile>
    <ClCompile Include="..\private\Monster_Named.cpp">
      <Filter>02.GameObject\Character\Monster\Monter_Named</Filter>
    </ClCompile>
    <ClCompile Include="..\Private\Monster_State.cpp">
      <Filter>02.GameObject\Character\Monster\States</Filter>
    </ClCompile>
    <ClCompile Include="..\private\Monster_Idle.cpp">
      <Filter>02.GameObject\Character\Monster\States\IDLE</Filter>
    </ClCompile>
    <ClCompile Include="..\private\Monster_Dead.cpp">
      <Filter>02.GameObject\Character\Monster\States\DEAD</Filter>
    </ClCompile>
    <ClCompile Include="..\private\Monster_Run.cpp">
      <Filter>02.GameObject\Character\Monster\States\RUN</Filter>
    </ClCompile>
    <ClCompile Include="..\private\Monster_Attack.cpp">
      <Filter>02.GameObject\Character\Monster\States\ATTACK</Filter>
    </ClCompile>
    <ClCompile Include="..\private\Monster_Turn.cpp">
      <Filter>02.GameObject\Character\Monster\States\TURN</Filter>
    </ClCompile>
    <ClCompile Include="..\private\HpBar_Player.cpp">
      <Filter>02.GameObject\Character\Player\HpBar</Filter>
    </ClCompile>
    <ClCompile Include="..\private\BuffUI.cpp">
      <Filter>03.UIObject\GamePlay\HUD\BuffUI</Filter>
    </ClCompile>
    <ClCompile Include="..\private\Character.cpp">
      <Filter>02.GameObject\Character</Filter>
    </ClCompile>
    <ClCompile Include="..\private\Body_Monster.cpp">
      <Filter>02.GameObject\Character\Monster\Body</Filter>
    </ClCompile>
    <ClCompile Include="..\private\HpBar_Monster.cpp">
      <Filter>02.GameObject\Character\Monster\HpBar</Filter>
    </ClCompile>
    <ClCompile Include="..\private\Body_Kamen.cpp">
      <Filter>02.GameObject\Character\Kamen\Body</Filter>
    </ClCompile>
    <ClCompile Include="..\private\Level_Boss.cpp">
      <Filter>01.Level\Boss</Filter>
    </ClCompile>
    <ClCompile Include="..\private\Dynamic_SkyBox.cpp">
      <Filter>02.GameObject\Sky\Dynamic</Filter>
    </ClCompile>
    <ClCompile Include="..\private\Weapon_Kamen.cpp">
      <Filter>02.GameObject\Character\Kamen\Weapon</Filter>
    </ClCompile>
    <ClCompile Include="..\private\State_Kamen.cpp">
      <Filter>02.GameObject\Character\Kamen\State</Filter>
    </ClCompile>
    <ClCompile Include="..\private\Idle_Kamen.cpp">
      <Filter>02.GameObject\Character\Kamen\State\IDLE</Filter>
    </ClCompile>
    <ClCompile Include="..\private\Intro_Kamen.cpp">
      <Filter>02.GameObject\Character\Kamen\State\INTRO</Filter>
    </ClCompile>
    <ClCompile Include="..\private\Kamen_Sword.cpp">
      <Filter>02.GameObject\Kamen_Sword</Filter>
    </ClCompile>
    <ClCompile Include="..\private\Attack_Normal_Kamen.cpp">
      <Filter>02.GameObject\Character\Kamen\State\ATTACK\NORMAL</Filter>
    </ClCompile>
    <ClCompile Include="..\private\Attack_Combo_Kamen.cpp">
      <Filter>02.GameObject\Character\Kamen\State\ATTACK\COMBO</Filter>
    </ClCompile>
    <ClCompile Include="..\private\Attack_Charge_Kamen.cpp">
      <Filter>02.GameObject\Character\Kamen\State\ATTACK\CHARGE</Filter>
    </ClCompile>
    <ClCompile Include="..\private\Attack_Kamen.cpp">
      <Filter>02.GameObject\Character\Kamen\State\ATTACK</Filter>
    </ClCompile>
    <ClCompile Include="..\private\DamageFont_Manager.cpp">
      <Filter>93.DamageFont_Manager</Filter>
    </ClCompile>
    <ClCompile Include="..\private\Enemy.cpp">
      <Filter>02.GameObject\Character\Enemy</Filter>
    </ClCompile>
    <ClCompile Include="..\private\Monster_Hit.cpp">
      <Filter>02.GameObject\Character\Monster\States\HIT</Filter>
    </ClCompile>
    <ClCompile Include="..\private\Test_Effect.cpp">
      <Filter>06.Effect\Test_Effect</Filter>
    </ClCompile>
    <ClCompile Include="..\private\Attack_Spin_Kamen.cpp">
      <Filter>02.GameObject\Character\Kamen\State\ATTACK\SPIN</Filter>
    </ClCompile>
    <ClCompile Include="..\private\Attack_Sword_Kamen.cpp">
      <Filter>02.GameObject\Character\Kamen\State\ATTACK\SWORD</Filter>
    </ClCompile>
    <ClCompile Include="..\private\Move_Kamen.cpp">
      <Filter>02.GameObject\Character\Kamen\State\MOVE</Filter>
    </ClCompile>
    <ClCompile Include="..\private\BossUI.cpp">
      <Filter>03.UIObject\BossUI</Filter>
    </ClCompile>
    <ClCompile Include="..\private\BossHpBar.cpp">
      <Filter>03.UIObject\BossUI\HpBar</Filter>
    </ClCompile>
    <ClCompile Include="..\private\BossHpFrame.cpp">
      <Filter>03.UIObject\BossUI\Frame</Filter>
    </ClCompile>
    <ClCompile Include="..\private\Player_NormalSkill.cpp">
      <Filter>02.GameObject\Character\Player\States\SKill\Normal</Filter>
    </ClCompile>
    <ClCompile Include="..\private\Skill_Player.cpp">
      <Filter>02.GameObject\Character\Player\States\SKill</Filter>
    </ClCompile>
    <ClCompile Include="..\private\Turn_Kamen.cpp">
      <Filter>02.GameObject\Character\Kamen\State\TURN</Filter>
    </ClCompile>
    <ClCompile Include="..\private\Camera_ChargeSkill.cpp">
      <Filter>02.GameObject\Camera\Camera_ChargeSkill</Filter>
    </ClCompile>
    <ClCompile Include="..\private\Camera_Kamen_Intro.cpp">
      <Filter>02.GameObject\Camera\Kamen_Intro</Filter>
    </ClCompile>
    <ClCompile Include="..\private\Player_CutScene.cpp">
      <Filter>02.GameObject\Character\Player\States\CutScene</Filter>
    </ClCompile>
    <ClCompile Include="..\private\CutScene_Kamen.cpp">
      <Filter>02.GameObject\Character\Kamen\State\CutScene</Filter>
    </ClCompile>
    <ClCompile Include="..\private\Camera_KamenEnter.cpp">
      <Filter>02.GameObject\Camera\Kamen_Enter_CutScene</Filter>
    </ClCompile>
    <ClCompile Include="..\private\BossEnterUI.cpp">
      <Filter>03.UIObject\BossUI\Enter</Filter>
    </ClCompile>
    <ClCompile Include="..\private\Clash_Kamen.cpp">
      <Filter>02.GameObject\Character\Kamen\State\Clash</Filter>
    </ClCompile>
    <ClCompile Include="..\private\Clash_Manager.cpp">
      <Filter>92.Clash_Manager</Filter>
    </ClCompile>
    <ClCompile Include="..\private\ClashUI.cpp">
      <Filter>03.UIObject\ClashUI</Filter>
    </ClCompile>
    <ClCompile Include="..\private\Camera_Clash.cpp">
      <Filter>02.GameObject\Camera\Camera_Clash</Filter>
    </ClCompile>
    <ClCompile Include="..\private\Player_Clash.cpp">
      <Filter>02.GameObject\Character\Player\States\CLASH</Filter>
    </ClCompile>
    <ClCompile Include="..\private\Critical_Kamen.cpp">
      <Filter>02.GameObject\Character\Kamen\State\CRITICAL</Filter>
    </ClCompile>
    <ClCompile Include="..\private\Kamen_Area.cpp">
      <Filter>02.GameObject\Kamen_Area</Filter>
    </ClCompile>
    <ClCompile Include="..\Private\Dead_Kamen.cpp">
      <Filter>02.GameObject\Character\Kamen\State\DEAD</Filter>
    </ClCompile>
    <ClCompile Include="..\private\Npc.cpp">
      <Filter>02.GameObject\Character\Npc</Filter>
    </ClCompile>
    <ClCompile Include="..\private\Camera_Npc.cpp">
      <Filter>02.GameObject\Camera\Camera_Npc</Filter>
    </ClCompile>
    <ClCompile Include="..\private\Dialogue_Controller.cpp">
      <Filter>91.Dialogue_Controller</Filter>
    </ClCompile>
    <ClCompile Include="..\private\Player_Dialogue.cpp">
      <Filter>02.GameObject\Character\Player\States\Npc</Filter>
    </ClCompile>
    <ClCompile Include="..\private\DialogueUI.cpp">
      <Filter>03.UIObject\Dialogue</Filter>
    </ClCompile>
    <ClCompile Include="..\private\Effect_Manager.cpp">
      <Filter>06.Effect\Manager</Filter>
    </ClCompile>
    <ClCompile Include="..\private\Effect.cpp">
      <Filter>06.Effect</Filter>
    </ClCompile>
    <ClCompile Include="..\private\Effect_Ground.cpp">
      <Filter>06.Effect\Ground</Filter>
    </ClCompile>
    <ClCompile Include="..\private\Effect_Trail.cpp">
      <Filter>06.Effect\Trail</Filter>
    </ClCompile>
    <ClCompile Include="..\private\TestMeshEffect.cpp">
      <Filter>06.Effect\Test_MeshEffect</Filter>
    </ClCompile>
    <ClCompile Include="..\private\Effect_Mesh.cpp">
      <Filter>06.Effect\Mesh</Filter>
    </ClCompile>
    <ClCompile Include="..\private\WeaponEffect_Player.cpp">
      <Filter>02.GameObject\Character\Player\EffectWeapon</Filter>
    </ClCompile>
  </ItemGroup>
  <ItemGroup>
    <FxCompile Include="..\Bin\ShaderFiles\Shader_VTXPosTex.hlsl">
      <Filter>96. ShaderFiles</Filter>
    </FxCompile>
    <FxCompile Include="..\Bin\ShaderFiles\Shader_VTXNorTex.hlsl">
      <Filter>96. ShaderFiles</Filter>
    </FxCompile>
    <FxCompile Include="..\Bin\ShaderFiles\Shader_VTXMesh.hlsl">
      <Filter>96. ShaderFiles</Filter>
    </FxCompile>
    <FxCompile Include="..\Bin\ShaderFiles\Shader_VtxAnimMesh.hlsl">
      <Filter>96. ShaderFiles</Filter>
    </FxCompile>
    <FxCompile Include="..\Bin\ShaderFiles\Shader_VtxPointParticle.hlsl">
      <Filter>96. ShaderFiles</Filter>
    </FxCompile>
    <FxCompile Include="..\Bin\ShaderFiles\Shader_VtxLineTrail.hlsl">
      <Filter>96. ShaderFiles</Filter>
    </FxCompile>
    <FxCompile Include="..\Bin\ShaderFiles\Shader_VTXMeshEffect.hlsl">
      <Filter>96. ShaderFiles</Filter>
    </FxCompile>
  </ItemGroup>
</Project>